// !$*UTF8*$!
{
	archiveVersion = 1;
	classes = {
	};
	objectVersion = 46;
	objects = {

/* Begin PBXBuildFile section */
		0460526F1ECFCDBE00745224 /* ReactiveCocoaViewController.m in Sources */ = {isa = PBXBuildFile; fileRef = 0460526E1ECFCDBE00745224 /* ReactiveCocoaViewController.m */; };
		046052721ECFD09100745224 /* FlagItem.m in Sources */ = {isa = PBXBuildFile; fileRef = 046052711ECFD09100745224 /* FlagItem.m */; };
		046052771ECFD7ED00745224 /* ReativeSearchViewController.m in Sources */ = {isa = PBXBuildFile; fileRef = 046052761ECFD7ED00745224 /* ReativeSearchViewController.m */; };
		0460527A1ECFDE4800745224 /* ReactiveCocoaBlockViewController.m in Sources */ = {isa = PBXBuildFile; fileRef = 046052791ECFDE4800745224 /* ReactiveCocoaBlockViewController.m */; };
		048DCA061ED126910037DFE0 /* JXAMapViewController.m in Sources */ = {isa = PBXBuildFile; fileRef = 048DCA051ED126910037DFE0 /* JXAMapViewController.m */; };
		048DCA0A1ED1327E0037DFE0 /* JXCustomCalloutView.m in Sources */ = {isa = PBXBuildFile; fileRef = 048DCA091ED1327E0037DFE0 /* JXCustomCalloutView.m */; };
		048DCA0D1ED133F60037DFE0 /* JXCustomAnnotationView.m in Sources */ = {isa = PBXBuildFile; fileRef = 048DCA0C1ED133F60037DFE0 /* JXCustomAnnotationView.m */; };
		048DCA101ED134A10037DFE0 /* JXCustomAnnotationViewController.m in Sources */ = {isa = PBXBuildFile; fileRef = 048DCA0F1ED134A10037DFE0 /* JXCustomAnnotationViewController.m */; };
		04BE3FDE1ED13CE600459B2E /* JXPOISearchViewController.m in Sources */ = {isa = PBXBuildFile; fileRef = 04BE3FDD1ED13CE600459B2E /* JXPOISearchViewController.m */; };
		04BE3FE21ED1453400459B2E /* JXPlaceAroundTableView.m in Sources */ = {isa = PBXBuildFile; fileRef = 04BE3FE11ED1453400459B2E /* JXPlaceAroundTableView.m */; };
		04BE3FE91ED1840000459B2E /* JXActivitySearchResultViewController.m in Sources */ = {isa = PBXBuildFile; fileRef = 04BE3FE61ED1840000459B2E /* JXActivitySearchResultViewController.m */; };
		04BE3FEA1ED1840000459B2E /* JXActivitySearchViewController.m in Sources */ = {isa = PBXBuildFile; fileRef = 04BE3FE81ED1840000459B2E /* JXActivitySearchViewController.m */; };
		04D8420E1EC694CB00E14F48 /* main.m in Sources */ = {isa = PBXBuildFile; fileRef = 04D8420D1EC694CB00E14F48 /* main.m */; };
		04D842111EC694CB00E14F48 /* AppDelegate.m in Sources */ = {isa = PBXBuildFile; fileRef = 04D842101EC694CB00E14F48 /* AppDelegate.m */; };
		04D842141EC694CB00E14F48 /* ViewController.m in Sources */ = {isa = PBXBuildFile; fileRef = 04D842131EC694CB00E14F48 /* ViewController.m */; };
		04D842171EC694CB00E14F48 /* Main.storyboard in Resources */ = {isa = PBXBuildFile; fileRef = 04D842151EC694CB00E14F48 /* Main.storyboard */; };
		04D842191EC694CB00E14F48 /* Assets.xcassets in Resources */ = {isa = PBXBuildFile; fileRef = 04D842181EC694CB00E14F48 /* Assets.xcassets */; };
		04D8421C1EC694CB00E14F48 /* LaunchScreen.storyboard in Resources */ = {isa = PBXBuildFile; fileRef = 04D8421A1EC694CB00E14F48 /* LaunchScreen.storyboard */; };
		04D842291EC695A600E14F48 /* JXCaculatorMaker.m in Sources */ = {isa = PBXBuildFile; fileRef = 04D842261EC695A600E14F48 /* JXCaculatorMaker.m */; };
		04D8422A1EC695A600E14F48 /* NSObject+caculator.m in Sources */ = {isa = PBXBuildFile; fileRef = 04D842281EC695A600E14F48 /* NSObject+caculator.m */; };
		04D8422D1EC696D300E14F48 /* JXCaculator.m in Sources */ = {isa = PBXBuildFile; fileRef = 04D8422C1EC696D300E14F48 /* JXCaculator.m */; };
		A0361796ACFAA845B80205C4 /* libPods-JXPlaygroundDemo.a in Frameworks */ = {isa = PBXBuildFile; fileRef = FA20446F825B822478A3143C /* libPods-JXPlaygroundDemo.a */; };
/* End PBXBuildFile section */

/* Begin PBXFileReference section */
		0460526D1ECFCDBE00745224 /* ReactiveCocoaViewController.h */ = {isa = PBXFileReference; fileEncoding = 4; lastKnownFileType = sourcecode.c.h; path = ReactiveCocoaViewController.h; sourceTree = "<group>"; };
		0460526E1ECFCDBE00745224 /* ReactiveCocoaViewController.m */ = {isa = PBXFileReference; fileEncoding = 4; lastKnownFileType = sourcecode.c.objc; path = ReactiveCocoaViewController.m; sourceTree = "<group>"; };
		046052701ECFD09100745224 /* FlagItem.h */ = {isa = PBXFileReference; fileEncoding = 4; lastKnownFileType = sourcecode.c.h; path = FlagItem.h; sourceTree = "<group>"; };
		046052711ECFD09100745224 /* FlagItem.m */ = {isa = PBXFileReference; fileEncoding = 4; lastKnownFileType = sourcecode.c.objc; path = FlagItem.m; sourceTree = "<group>"; };
		046052751ECFD7ED00745224 /* ReativeSearchViewController.h */ = {isa = PBXFileReference; fileEncoding = 4; lastKnownFileType = sourcecode.c.h; path = ReativeSearchViewController.h; sourceTree = "<group>"; };
		046052761ECFD7ED00745224 /* ReativeSearchViewController.m */ = {isa = PBXFileReference; fileEncoding = 4; lastKnownFileType = sourcecode.c.objc; path = ReativeSearchViewController.m; sourceTree = "<group>"; };
		046052781ECFDE4800745224 /* ReactiveCocoaBlockViewController.h */ = {isa = PBXFileReference; fileEncoding = 4; lastKnownFileType = sourcecode.c.h; path = ReactiveCocoaBlockViewController.h; sourceTree = "<group>"; };
		046052791ECFDE4800745224 /* ReactiveCocoaBlockViewController.m */ = {isa = PBXFileReference; fileEncoding = 4; lastKnownFileType = sourcecode.c.objc; path = ReactiveCocoaBlockViewController.m; sourceTree = "<group>"; };
		048DCA041ED126910037DFE0 /* JXAMapViewController.h */ = {isa = PBXFileReference; fileEncoding = 4; lastKnownFileType = sourcecode.c.h; path = JXAMapViewController.h; sourceTree = "<group>"; };
		048DCA051ED126910037DFE0 /* JXAMapViewController.m */ = {isa = PBXFileReference; fileEncoding = 4; lastKnownFileType = sourcecode.c.objc; path = JXAMapViewController.m; sourceTree = "<group>"; };
		048DCA081ED1327E0037DFE0 /* JXCustomCalloutView.h */ = {isa = PBXFileReference; fileEncoding = 4; lastKnownFileType = sourcecode.c.h; path = JXCustomCalloutView.h; sourceTree = "<group>"; };
		048DCA091ED1327E0037DFE0 /* JXCustomCalloutView.m */ = {isa = PBXFileReference; fileEncoding = 4; lastKnownFileType = sourcecode.c.objc; path = JXCustomCalloutView.m; sourceTree = "<group>"; };
		048DCA0B1ED133F60037DFE0 /* JXCustomAnnotationView.h */ = {isa = PBXFileReference; fileEncoding = 4; lastKnownFileType = sourcecode.c.h; path = JXCustomAnnotationView.h; sourceTree = "<group>"; };
		048DCA0C1ED133F60037DFE0 /* JXCustomAnnotationView.m */ = {isa = PBXFileReference; fileEncoding = 4; lastKnownFileType = sourcecode.c.objc; path = JXCustomAnnotationView.m; sourceTree = "<group>"; };
		048DCA0E1ED134A10037DFE0 /* JXCustomAnnotationViewController.h */ = {isa = PBXFileReference; fileEncoding = 4; lastKnownFileType = sourcecode.c.h; path = JXCustomAnnotationViewController.h; sourceTree = "<group>"; };
		048DCA0F1ED134A10037DFE0 /* JXCustomAnnotationViewController.m */ = {isa = PBXFileReference; fileEncoding = 4; lastKnownFileType = sourcecode.c.objc; path = JXCustomAnnotationViewController.m; sourceTree = "<group>"; };
		04BE3FDC1ED13CE600459B2E /* JXPOISearchViewController.h */ = {isa = PBXFileReference; fileEncoding = 4; lastKnownFileType = sourcecode.c.h; name = JXPOISearchViewController.h; path = ../JXPOISearchViewController.h; sourceTree = "<group>"; };
		04BE3FDD1ED13CE600459B2E /* JXPOISearchViewController.m */ = {isa = PBXFileReference; fileEncoding = 4; lastKnownFileType = sourcecode.c.objc; name = JXPOISearchViewController.m; path = ../JXPOISearchViewController.m; sourceTree = "<group>"; };
		04BE3FE01ED1453400459B2E /* JXPlaceAroundTableView.h */ = {isa = PBXFileReference; fileEncoding = 4; lastKnownFileType = sourcecode.c.h; path = JXPlaceAroundTableView.h; sourceTree = "<group>"; };
		04BE3FE11ED1453400459B2E /* JXPlaceAroundTableView.m */ = {isa = PBXFileReference; fileEncoding = 4; lastKnownFileType = sourcecode.c.objc; path = JXPlaceAroundTableView.m; sourceTree = "<group>"; };
		04BE3FE31ED17F5B00459B2E /* GlobalDefine.h */ = {isa = PBXFileReference; lastKnownFileType = sourcecode.c.h; path = GlobalDefine.h; sourceTree = "<group>"; };
		04BE3FE51ED1840000459B2E /* JXActivitySearchResultViewController.h */ = {isa = PBXFileReference; fileEncoding = 4; lastKnownFileType = sourcecode.c.h; path = JXActivitySearchResultViewController.h; sourceTree = "<group>"; };
		04BE3FE61ED1840000459B2E /* JXActivitySearchResultViewController.m */ = {isa = PBXFileReference; fileEncoding = 4; lastKnownFileType = sourcecode.c.objc; path = JXActivitySearchResultViewController.m; sourceTree = "<group>"; };
		04BE3FE71ED1840000459B2E /* JXActivitySearchViewController.h */ = {isa = PBXFileReference; fileEncoding = 4; lastKnownFileType = sourcecode.c.h; path = JXActivitySearchViewController.h; sourceTree = "<group>"; };
		04BE3FE81ED1840000459B2E /* JXActivitySearchViewController.m */ = {isa = PBXFileReference; fileEncoding = 4; lastKnownFileType = sourcecode.c.objc; path = JXActivitySearchViewController.m; sourceTree = "<group>"; };
		04D842091EC694CB00E14F48 /* JXPlaygroundDemo.app */ = {isa = PBXFileReference; explicitFileType = wrapper.application; includeInIndex = 0; path = JXPlaygroundDemo.app; sourceTree = BUILT_PRODUCTS_DIR; };
		04D8420D1EC694CB00E14F48 /* main.m */ = {isa = PBXFileReference; lastKnownFileType = sourcecode.c.objc; path = main.m; sourceTree = "<group>"; };
		04D8420F1EC694CB00E14F48 /* AppDelegate.h */ = {isa = PBXFileReference; lastKnownFileType = sourcecode.c.h; path = AppDelegate.h; sourceTree = "<group>"; };
		04D842101EC694CB00E14F48 /* AppDelegate.m */ = {isa = PBXFileReference; lastKnownFileType = sourcecode.c.objc; path = AppDelegate.m; sourceTree = "<group>"; };
		04D842121EC694CB00E14F48 /* ViewController.h */ = {isa = PBXFileReference; lastKnownFileType = sourcecode.c.h; path = ViewController.h; sourceTree = "<group>"; };
		04D842131EC694CB00E14F48 /* ViewController.m */ = {isa = PBXFileReference; lastKnownFileType = sourcecode.c.objc; path = ViewController.m; sourceTree = "<group>"; };
		04D842161EC694CB00E14F48 /* Base */ = {isa = PBXFileReference; lastKnownFileType = file.storyboard; name = Base; path = Base.lproj/Main.storyboard; sourceTree = "<group>"; };
		04D842181EC694CB00E14F48 /* Assets.xcassets */ = {isa = PBXFileReference; lastKnownFileType = folder.assetcatalog; path = Assets.xcassets; sourceTree = "<group>"; };
		04D8421B1EC694CB00E14F48 /* Base */ = {isa = PBXFileReference; lastKnownFileType = file.storyboard; name = Base; path = Base.lproj/LaunchScreen.storyboard; sourceTree = "<group>"; };
		04D8421D1EC694CB00E14F48 /* Info.plist */ = {isa = PBXFileReference; lastKnownFileType = text.plist.xml; path = Info.plist; sourceTree = "<group>"; };
		04D842241EC6953E00E14F48 /* JXPlaygroundDemo.pch */ = {isa = PBXFileReference; lastKnownFileType = sourcecode.c.h; path = JXPlaygroundDemo.pch; sourceTree = "<group>"; };
		04D842251EC695A600E14F48 /* JXCaculatorMaker.h */ = {isa = PBXFileReference; fileEncoding = 4; lastKnownFileType = sourcecode.c.h; path = JXCaculatorMaker.h; sourceTree = "<group>"; };
		04D842261EC695A600E14F48 /* JXCaculatorMaker.m */ = {isa = PBXFileReference; fileEncoding = 4; lastKnownFileType = sourcecode.c.objc; path = JXCaculatorMaker.m; sourceTree = "<group>"; };
		04D842271EC695A600E14F48 /* NSObject+caculator.h */ = {isa = PBXFileReference; fileEncoding = 4; lastKnownFileType = sourcecode.c.h; path = "NSObject+caculator.h"; sourceTree = "<group>"; };
		04D842281EC695A600E14F48 /* NSObject+caculator.m */ = {isa = PBXFileReference; fileEncoding = 4; lastKnownFileType = sourcecode.c.objc; path = "NSObject+caculator.m"; sourceTree = "<group>"; };
		04D8422B1EC696D300E14F48 /* JXCaculator.h */ = {isa = PBXFileReference; fileEncoding = 4; lastKnownFileType = sourcecode.c.h; path = JXCaculator.h; sourceTree = "<group>"; };
		04D8422C1EC696D300E14F48 /* JXCaculator.m */ = {isa = PBXFileReference; fileEncoding = 4; lastKnownFileType = sourcecode.c.objc; path = JXCaculator.m; sourceTree = "<group>"; };
		A1AA9AA015A97876188DB6F7 /* Pods-JXPlaygroundDemo.release.xcconfig */ = {isa = PBXFileReference; includeInIndex = 1; lastKnownFileType = text.xcconfig; name = "Pods-JXPlaygroundDemo.release.xcconfig"; path = "Pods/Target Support Files/Pods-JXPlaygroundDemo/Pods-JXPlaygroundDemo.release.xcconfig"; sourceTree = "<group>"; };
		B75B6EC66D133C689B1C3C00 /* Pods-JXPlaygroundDemo.debug.xcconfig */ = {isa = PBXFileReference; includeInIndex = 1; lastKnownFileType = text.xcconfig; name = "Pods-JXPlaygroundDemo.debug.xcconfig"; path = "Pods/Target Support Files/Pods-JXPlaygroundDemo/Pods-JXPlaygroundDemo.debug.xcconfig"; sourceTree = "<group>"; };
		FA20446F825B822478A3143C /* libPods-JXPlaygroundDemo.a */ = {isa = PBXFileReference; explicitFileType = archive.ar; includeInIndex = 0; path = "libPods-JXPlaygroundDemo.a"; sourceTree = BUILT_PRODUCTS_DIR; };
/* End PBXFileReference section */

/* Begin PBXFrameworksBuildPhase section */
		04D842061EC694CB00E14F48 /* Frameworks */ = {
			isa = PBXFrameworksBuildPhase;
			buildActionMask = 2147483647;
			files = (
				A0361796ACFAA845B80205C4 /* libPods-JXPlaygroundDemo.a in Frameworks */,
			);
			runOnlyForDeploymentPostprocessing = 0;
		};
/* End PBXFrameworksBuildPhase section */

/* Begin PBXGroup section */
		0460526C1ECFCC4300745224 /* ReactiveCocoa练习 */ = {
			isa = PBXGroup;
			children = (
				046052731ECFD7D000745224 /* 搜索 */,
				046052741ECFD7D000745224 /* block嵌套 */,
				0460526D1ECFCDBE00745224 /* ReactiveCocoaViewController.h */,
				0460526E1ECFCDBE00745224 /* ReactiveCocoaViewController.m */,
				046052701ECFD09100745224 /* FlagItem.h */,
				046052711ECFD09100745224 /* FlagItem.m */,
			);
			path = "ReactiveCocoa练习";
			sourceTree = "<group>";
		};
		046052731ECFD7D000745224 /* 搜索 */ = {
			isa = PBXGroup;
			children = (
				046052751ECFD7ED00745224 /* ReativeSearchViewController.h */,
				046052761ECFD7ED00745224 /* ReativeSearchViewController.m */,
			);
			path = "搜索";
			sourceTree = "<group>";
		};
		046052741ECFD7D000745224 /* block嵌套 */ = {
			isa = PBXGroup;
			children = (
				046052781ECFDE4800745224 /* ReactiveCocoaBlockViewController.h */,
				046052791ECFDE4800745224 /* ReactiveCocoaBlockViewController.m */,
			);
			path = "block嵌套";
			sourceTree = "<group>";
		};
		048DCA011ED1258D0037DFE0 /* Map(地图） */ = {
			isa = PBXGroup;
			children = (
				048DCA021ED1258D0037DFE0 /* 百度地图 */,
				048DCA031ED1258D0037DFE0 /* 高德地图 */,
			);
			name = "Map(地图）";
			path = "Map(地图";
			sourceTree = "<group>";
		};
		048DCA021ED1258D0037DFE0 /* 百度地图 */ = {
			isa = PBXGroup;
			children = (
			);
			path = "百度地图";
			sourceTree = "<group>";
		};
		048DCA031ED1258D0037DFE0 /* 高德地图 */ = {
			isa = PBXGroup;
			children = (
				04BE3FDF1ED1451F00459B2E /* POI */,
				048DCA071ED132710037DFE0 /* View */,
				048DCA041ED126910037DFE0 /* JXAMapViewController.h */,
				048DCA051ED126910037DFE0 /* JXAMapViewController.m */,
				048DCA0E1ED134A10037DFE0 /* JXCustomAnnotationViewController.h */,
				048DCA0F1ED134A10037DFE0 /* JXCustomAnnotationViewController.m */,
			);
			path = "高德地图";
			sourceTree = "<group>";
		};
		048DCA071ED132710037DFE0 /* View */ = {
			isa = PBXGroup;
			children = (
				048DCA081ED1327E0037DFE0 /* JXCustomCalloutView.h */,
				048DCA091ED1327E0037DFE0 /* JXCustomCalloutView.m */,
				048DCA0B1ED133F60037DFE0 /* JXCustomAnnotationView.h */,
				048DCA0C1ED133F60037DFE0 /* JXCustomAnnotationView.m */,
			);
			path = View;
			sourceTree = "<group>";
		};
		04BE3FDF1ED1451F00459B2E /* POI */ = {
			isa = PBXGroup;
			children = (
				04BE3FE41ED1838C00459B2E /* POIStyle2 */,
				04BE3FDC1ED13CE600459B2E /* JXPOISearchViewController.h */,
				04BE3FDD1ED13CE600459B2E /* JXPOISearchViewController.m */,
				04BE3FE01ED1453400459B2E /* JXPlaceAroundTableView.h */,
				04BE3FE11ED1453400459B2E /* JXPlaceAroundTableView.m */,
			);
			path = POI;
			sourceTree = "<group>";
		};
		04BE3FE41ED1838C00459B2E /* POIStyle2 */ = {
			isa = PBXGroup;
			children = (
				04BE3FE51ED1840000459B2E /* JXActivitySearchResultViewController.h */,
				04BE3FE61ED1840000459B2E /* JXActivitySearchResultViewController.m */,
				04BE3FE71ED1840000459B2E /* JXActivitySearchViewController.h */,
				04BE3FE81ED1840000459B2E /* JXActivitySearchViewController.m */,
			);
			path = POIStyle2;
			sourceTree = "<group>";
		};
		04D842001EC694CB00E14F48 = {
			isa = PBXGroup;
			children = (
				04D8420B1EC694CB00E14F48 /* JXPlaygroundDemo */,
				04D8420A1EC694CB00E14F48 /* Products */,
				10A89E0621688F017225F49B /* Pods */,
				AECE77901A97B2CAE8909BAA /* Frameworks */,
			);
			sourceTree = "<group>";
		};
		04D8420A1EC694CB00E14F48 /* Products */ = {
			isa = PBXGroup;
			children = (
				04D842091EC694CB00E14F48 /* JXPlaygroundDemo.app */,
			);
			name = Products;
			sourceTree = "<group>";
		};
		04D8420B1EC694CB00E14F48 /* JXPlaygroundDemo */ = {
			isa = PBXGroup;
			children = (
				048DCA011ED1258D0037DFE0 /* Map(地图） */,
				0460526C1ECFCC4300745224 /* ReactiveCocoa练习 */,
				04D842231EC6952000E14F48 /* 模仿masonry加法计算器（链式编程） */,
				04D8420F1EC694CB00E14F48 /* AppDelegate.h */,
				04D842101EC694CB00E14F48 /* AppDelegate.m */,
				04D842121EC694CB00E14F48 /* ViewController.h */,
				04D842131EC694CB00E14F48 /* ViewController.m */,
				04D842151EC694CB00E14F48 /* Main.storyboard */,
				04D842181EC694CB00E14F48 /* Assets.xcassets */,
				04D8421A1EC694CB00E14F48 /* LaunchScreen.storyboard */,
				04D8421D1EC694CB00E14F48 /* Info.plist */,
				04D8420C1EC694CB00E14F48 /* Supporting Files */,
			);
			path = JXPlaygroundDemo;
			sourceTree = "<group>";
		};
		04D8420C1EC694CB00E14F48 /* Supporting Files */ = {
			isa = PBXGroup;
			children = (
				04D8420D1EC694CB00E14F48 /* main.m */,
				04BE3FE31ED17F5B00459B2E /* GlobalDefine.h */,
				04D842241EC6953E00E14F48 /* JXPlaygroundDemo.pch */,
			);
			name = "Supporting Files";
			sourceTree = "<group>";
		};
		04D842231EC6952000E14F48 /* 模仿masonry加法计算器（链式编程） */ = {
			isa = PBXGroup;
			children = (
				04D842251EC695A600E14F48 /* JXCaculatorMaker.h */,
				04D842261EC695A600E14F48 /* JXCaculatorMaker.m */,
				04D842271EC695A600E14F48 /* NSObject+caculator.h */,
				04D842281EC695A600E14F48 /* NSObject+caculator.m */,
				04D8422B1EC696D300E14F48 /* JXCaculator.h */,
				04D8422C1EC696D300E14F48 /* JXCaculator.m */,
			);
			path = "模仿masonry加法计算器（链式编程）";
			sourceTree = "<group>";
		};
		10A89E0621688F017225F49B /* Pods */ = {
			isa = PBXGroup;
			children = (
				B75B6EC66D133C689B1C3C00 /* Pods-JXPlaygroundDemo.debug.xcconfig */,
				A1AA9AA015A97876188DB6F7 /* Pods-JXPlaygroundDemo.release.xcconfig */,
			);
			name = Pods;
			sourceTree = "<group>";
		};
		AECE77901A97B2CAE8909BAA /* Frameworks */ = {
			isa = PBXGroup;
			children = (
				FA20446F825B822478A3143C /* libPods-JXPlaygroundDemo.a */,
			);
			name = Frameworks;
			sourceTree = "<group>";
		};
/* End PBXGroup section */

/* Begin PBXNativeTarget section */
		04D842081EC694CB00E14F48 /* JXPlaygroundDemo */ = {
			isa = PBXNativeTarget;
			buildConfigurationList = 04D842201EC694CB00E14F48 /* Build configuration list for PBXNativeTarget "JXPlaygroundDemo" */;
			buildPhases = (
				16F9B89F5A6E2E6CFCA7BD23 /* [CP] Check Pods Manifest.lock */,
				04D842051EC694CB00E14F48 /* Sources */,
				04D842061EC694CB00E14F48 /* Frameworks */,
				04D842071EC694CB00E14F48 /* Resources */,
				0F57A6B6881741523DAD4A48 /* [CP] Embed Pods Frameworks */,
				E12616A9D8BD9AF05C87BED9 /* [CP] Copy Pods Resources */,
			);
			buildRules = (
			);
			dependencies = (
			);
			name = JXPlaygroundDemo;
			productName = JXPlaygroundDemo;
			productReference = 04D842091EC694CB00E14F48 /* JXPlaygroundDemo.app */;
			productType = "com.apple.product-type.application";
		};
/* End PBXNativeTarget section */

/* Begin PBXProject section */
		04D842011EC694CB00E14F48 /* Project object */ = {
			isa = PBXProject;
			attributes = {
				LastUpgradeCheck = 0820;
				ORGANIZATIONNAME = Mr.Gao;
				TargetAttributes = {
					04D842081EC694CB00E14F48 = {
						CreatedOnToolsVersion = 8.2.1;
						DevelopmentTeam = 7TM5A6A2L6;
						ProvisioningStyle = Automatic;
					};
				};
			};
			buildConfigurationList = 04D842041EC694CB00E14F48 /* Build configuration list for PBXProject "JXPlaygroundDemo" */;
			compatibilityVersion = "Xcode 3.2";
			developmentRegion = English;
			hasScannedForEncodings = 0;
			knownRegions = (
				en,
				Base,
			);
			mainGroup = 04D842001EC694CB00E14F48;
			productRefGroup = 04D8420A1EC694CB00E14F48 /* Products */;
			projectDirPath = "";
			projectRoot = "";
			targets = (
				04D842081EC694CB00E14F48 /* JXPlaygroundDemo */,
			);
		};
/* End PBXProject section */

/* Begin PBXResourcesBuildPhase section */
		04D842071EC694CB00E14F48 /* Resources */ = {
			isa = PBXResourcesBuildPhase;
			buildActionMask = 2147483647;
			files = (
				04D8421C1EC694CB00E14F48 /* LaunchScreen.storyboard in Resources */,
				04D842191EC694CB00E14F48 /* Assets.xcassets in Resources */,
				04D842171EC694CB00E14F48 /* Main.storyboard in Resources */,
			);
			runOnlyForDeploymentPostprocessing = 0;
		};
/* End PBXResourcesBuildPhase section */

/* Begin PBXShellScriptBuildPhase section */
		0F57A6B6881741523DAD4A48 /* [CP] Embed Pods Frameworks */ = {
			isa = PBXShellScriptBuildPhase;
			buildActionMask = 2147483647;
			files = (
			);
			inputPaths = (
			);
			name = "[CP] Embed Pods Frameworks";
			outputPaths = (
			);
			runOnlyForDeploymentPostprocessing = 0;
			shellPath = /bin/sh;
			shellScript = "\"${SRCROOT}/Pods/Target Support Files/Pods-JXPlaygroundDemo/Pods-JXPlaygroundDemo-frameworks.sh\"\n";
			showEnvVarsInLog = 0;
		};
		16F9B89F5A6E2E6CFCA7BD23 /* [CP] Check Pods Manifest.lock */ = {
			isa = PBXShellScriptBuildPhase;
			buildActionMask = 2147483647;
			files = (
			);
			inputPaths = (
			);
			name = "[CP] Check Pods Manifest.lock";
			outputPaths = (
			);
			runOnlyForDeploymentPostprocessing = 0;
			shellPath = /bin/sh;
			shellScript = "diff \"${PODS_ROOT}/../Podfile.lock\" \"${PODS_ROOT}/Manifest.lock\" > /dev/null\nif [ $? != 0 ] ; then\n    # print error to STDERR\n    echo \"error: The sandbox is not in sync with the Podfile.lock. Run 'pod install' or update your CocoaPods installation.\" >&2\n    exit 1\nfi\n";
			showEnvVarsInLog = 0;
		};
		E12616A9D8BD9AF05C87BED9 /* [CP] Copy Pods Resources */ = {
			isa = PBXShellScriptBuildPhase;
			buildActionMask = 2147483647;
			files = (
			);
			inputPaths = (
			);
			name = "[CP] Copy Pods Resources";
			outputPaths = (
			);
			runOnlyForDeploymentPostprocessing = 0;
			shellPath = /bin/sh;
			shellScript = "\"${SRCROOT}/Pods/Target Support Files/Pods-JXPlaygroundDemo/Pods-JXPlaygroundDemo-resources.sh\"\n";
			showEnvVarsInLog = 0;
		};
/* End PBXShellScriptBuildPhase section */

/* Begin PBXSourcesBuildPhase section */
		04D842051EC694CB00E14F48 /* Sources */ = {
			isa = PBXSourcesBuildPhase;
			buildActionMask = 2147483647;
			files = (
				04BE3FEA1ED1840000459B2E /* JXActivitySearchViewController.m in Sources */,
				04D8422D1EC696D300E14F48 /* JXCaculator.m in Sources */,
				048DCA061ED126910037DFE0 /* JXAMapViewController.m in Sources */,
				0460527A1ECFDE4800745224 /* ReactiveCocoaBlockViewController.m in Sources */,
				04D842141EC694CB00E14F48 /* ViewController.m in Sources */,
				048DCA0A1ED1327E0037DFE0 /* JXCustomCalloutView.m in Sources */,
				04BE3FE91ED1840000459B2E /* JXActivitySearchResultViewController.m in Sources */,
				046052771ECFD7ED00745224 /* ReativeSearchViewController.m in Sources */,
				04BE3FE21ED1453400459B2E /* JXPlaceAroundTableView.m in Sources */,
				048DCA101ED134A10037DFE0 /* JXCustomAnnotationViewController.m in Sources */,
				0460526F1ECFCDBE00745224 /* ReactiveCocoaViewController.m in Sources */,
				048DCA0D1ED133F60037DFE0 /* JXCustomAnnotationView.m in Sources */,
				04BE3FDE1ED13CE600459B2E /* JXPOISearchViewController.m in Sources */,
				04D842291EC695A600E14F48 /* JXCaculatorMaker.m in Sources */,
				04D842111EC694CB00E14F48 /* AppDelegate.m in Sources */,
				04D8420E1EC694CB00E14F48 /* main.m in Sources */,
				046052721ECFD09100745224 /* FlagItem.m in Sources */,
				04D8422A1EC695A600E14F48 /* NSObject+caculator.m in Sources */,
			);
			runOnlyForDeploymentPostprocessing = 0;
		};
/* End PBXSourcesBuildPhase section */

/* Begin PBXVariantGroup section */
		04D842151EC694CB00E14F48 /* Main.storyboard */ = {
			isa = PBXVariantGroup;
			children = (
				04D842161EC694CB00E14F48 /* Base */,
			);
			name = Main.storyboard;
			sourceTree = "<group>";
		};
		04D8421A1EC694CB00E14F48 /* LaunchScreen.storyboard */ = {
			isa = PBXVariantGroup;
			children = (
				04D8421B1EC694CB00E14F48 /* Base */,
			);
			name = LaunchScreen.storyboard;
			sourceTree = "<group>";
		};
/* End PBXVariantGroup section */

/* Begin XCBuildConfiguration section */
		04D8421E1EC694CB00E14F48 /* Debug */ = {
			isa = XCBuildConfiguration;
			buildSettings = {
				ALWAYS_SEARCH_USER_PATHS = NO;
				CLANG_ANALYZER_NONNULL = YES;
				CLANG_CXX_LANGUAGE_STANDARD = "gnu++0x";
				CLANG_CXX_LIBRARY = "libc++";
				CLANG_ENABLE_MODULES = YES;
				CLANG_ENABLE_OBJC_ARC = YES;
				CLANG_WARN_BOOL_CONVERSION = YES;
				CLANG_WARN_CONSTANT_CONVERSION = YES;
				CLANG_WARN_DIRECT_OBJC_ISA_USAGE = YES_ERROR;
				CLANG_WARN_DOCUMENTATION_COMMENTS = YES;
				CLANG_WARN_EMPTY_BODY = YES;
				CLANG_WARN_ENUM_CONVERSION = YES;
				CLANG_WARN_INFINITE_RECURSION = YES;
				CLANG_WARN_INT_CONVERSION = YES;
				CLANG_WARN_OBJC_ROOT_CLASS = YES_ERROR;
				CLANG_WARN_SUSPICIOUS_MOVE = YES;
				CLANG_WARN_UNREACHABLE_CODE = YES;
				CLANG_WARN__DUPLICATE_METHOD_MATCH = YES;
				"CODE_SIGN_IDENTITY[sdk=iphoneos*]" = "iPhone Developer";
				COPY_PHASE_STRIP = NO;
				DEBUG_INFORMATION_FORMAT = dwarf;
				ENABLE_STRICT_OBJC_MSGSEND = YES;
				ENABLE_TESTABILITY = YES;
				GCC_C_LANGUAGE_STANDARD = gnu99;
				GCC_DYNAMIC_NO_PIC = NO;
				GCC_NO_COMMON_BLOCKS = YES;
				GCC_OPTIMIZATION_LEVEL = 0;
				GCC_PREPROCESSOR_DEFINITIONS = (
					"DEBUG=1",
					"$(inherited)",
				);
				GCC_WARN_64_TO_32_BIT_CONVERSION = YES;
				GCC_WARN_ABOUT_RETURN_TYPE = YES_ERROR;
				GCC_WARN_UNDECLARED_SELECTOR = YES;
				GCC_WARN_UNINITIALIZED_AUTOS = YES_AGGRESSIVE;
				GCC_WARN_UNUSED_FUNCTION = YES;
				GCC_WARN_UNUSED_VARIABLE = YES;
				IPHONEOS_DEPLOYMENT_TARGET = 10.2;
				MTL_ENABLE_DEBUG_INFO = YES;
				ONLY_ACTIVE_ARCH = YES;
				SDKROOT = iphoneos;
				TARGETED_DEVICE_FAMILY = "1,2";
			};
			name = Debug;
		};
		04D8421F1EC694CB00E14F48 /* Release */ = {
			isa = XCBuildConfiguration;
			buildSettings = {
				ALWAYS_SEARCH_USER_PATHS = NO;
				CLANG_ANALYZER_NONNULL = YES;
				CLANG_CXX_LANGUAGE_STANDARD = "gnu++0x";
				CLANG_CXX_LIBRARY = "libc++";
				CLANG_ENABLE_MODULES = YES;
				CLANG_ENABLE_OBJC_ARC = YES;
				CLANG_WARN_BOOL_CONVERSION = YES;
				CLANG_WARN_CONSTANT_CONVERSION = YES;
				CLANG_WARN_DIRECT_OBJC_ISA_USAGE = YES_ERROR;
				CLANG_WARN_DOCUMENTATION_COMMENTS = YES;
				CLANG_WARN_EMPTY_BODY = YES;
				CLANG_WARN_ENUM_CONVERSION = YES;
				CLANG_WARN_INFINITE_RECURSION = YES;
				CLANG_WARN_INT_CONVERSION = YES;
				CLANG_WARN_OBJC_ROOT_CLASS = YES_ERROR;
				CLANG_WARN_SUSPICIOUS_MOVE = YES;
				CLANG_WARN_UNREACHABLE_CODE = YES;
				CLANG_WARN__DUPLICATE_METHOD_MATCH = YES;
				"CODE_SIGN_IDENTITY[sdk=iphoneos*]" = "iPhone Developer";
				COPY_PHASE_STRIP = NO;
				DEBUG_INFORMATION_FORMAT = "dwarf-with-dsym";
				ENABLE_NS_ASSERTIONS = NO;
				ENABLE_STRICT_OBJC_MSGSEND = YES;
				GCC_C_LANGUAGE_STANDARD = gnu99;
				GCC_NO_COMMON_BLOCKS = YES;
				GCC_WARN_64_TO_32_BIT_CONVERSION = YES;
				GCC_WARN_ABOUT_RETURN_TYPE = YES_ERROR;
				GCC_WARN_UNDECLARED_SELECTOR = YES;
				GCC_WARN_UNINITIALIZED_AUTOS = YES_AGGRESSIVE;
				GCC_WARN_UNUSED_FUNCTION = YES;
				GCC_WARN_UNUSED_VARIABLE = YES;
				IPHONEOS_DEPLOYMENT_TARGET = 10.2;
				MTL_ENABLE_DEBUG_INFO = NO;
				SDKROOT = iphoneos;
				TARGETED_DEVICE_FAMILY = "1,2";
				VALIDATE_PRODUCT = YES;
			};
			name = Release;
		};
		04D842211EC694CB00E14F48 /* Debug */ = {
			isa = XCBuildConfiguration;
			baseConfigurationReference = B75B6EC66D133C689B1C3C00 /* Pods-JXPlaygroundDemo.debug.xcconfig */;
			buildSettings = {
				ASSETCATALOG_COMPILER_APPICON_NAME = AppIcon;
				DEVELOPMENT_TEAM = 7TM5A6A2L6;
				GCC_PRECOMPILE_PREFIX_HEADER = YES;
				GCC_PREFIX_HEADER = "/Users/mac/Desktop/数据plist/JXPlaygroundDemo/JXPlaygroundDemo/JXPlaygroundDemo/JXPlaygroundDemo.pch";
				INFOPLIST_FILE = JXPlaygroundDemo/Info.plist;
				LD_RUNPATH_SEARCH_PATHS = "$(inherited) @executable_path/Frameworks";
				PRODUCT_BUNDLE_IDENTIFIER = com.fxtz.fxtzapp.JXPlaygroundDemoDF;
				PRODUCT_NAME = "$(TARGET_NAME)";
			};
			name = Debug;
		};
		04D842221EC694CB00E14F48 /* Release */ = {
			isa = XCBuildConfiguration;
			baseConfigurationReference = A1AA9AA015A97876188DB6F7 /* Pods-JXPlaygroundDemo.release.xcconfig */;
			buildSettings = {
				ASSETCATALOG_COMPILER_APPICON_NAME = AppIcon;
				DEVELOPMENT_TEAM = 7TM5A6A2L6;
				GCC_PRECOMPILE_PREFIX_HEADER = YES;
				GCC_PREFIX_HEADER = "/Users/mac/Desktop/数据plist/JXPlaygroundDemo/JXPlaygroundDemo/JXPlaygroundDemo/JXPlaygroundDemo.pch";
				INFOPLIST_FILE = JXPlaygroundDemo/Info.plist;
				LD_RUNPATH_SEARCH_PATHS = "$(inherited) @executable_path/Frameworks";
				PRODUCT_BUNDLE_IDENTIFIER = com.fxtz.fxtzapp.JXPlaygroundDemoDF;
				PRODUCT_NAME = "$(TARGET_NAME)";
			};
			name = Release;
		};
/* End XCBuildConfiguration section */

/* Begin XCConfigurationList section */
		04D842041EC694CB00E14F48 /* Build configuration list for PBXProject "JXPlaygroundDemo" */ = {
			isa = XCConfigurationList;
			buildConfigurations = (
				04D8421E1EC694CB00E14F48 /* Debug */,
				04D8421F1EC694CB00E14F48 /* Release */,
			);
			defaultConfigurationIsVisible = 0;
			defaultConfigurationName = Release;
		};
		04D842201EC694CB00E14F48 /* Build configuration list for PBXNativeTarget "JXPlaygroundDemo" */ = {
			isa = XCConfigurationList;
			buildConfigurations = (
				04D842211EC694CB00E14F48 /* Debug */,
				04D842221EC694CB00E14F48 /* Release */,
			);
			defaultConfigurationIsVisible = 0;
			defaultConfigurationName = Release;
		};
/* End XCConfigurationList section */
	};
	rootObject = 04D842011EC694CB00E14F48 /* Project object */;
}
