// !$*UTF8*$!
{
	archiveVersion = 1;
	classes = {
	};
	objectVersion = 46;
	objects = {

/* Begin PBXBuildFile section */
		043E830A1EE50B9800854151 /* JXNotificationViewController.m in Sources */ = {isa = PBXBuildFile; fileRef = 043E83091EE50B9800854151 /* JXNotificationViewController.m */; };
		0444339F1EDFEC5600C8E7C4 /* JXBanTangRefreshHeader.m in Sources */ = {isa = PBXBuildFile; fileRef = 0444339E1EDFEC5600C8E7C4 /* JXBanTangRefreshHeader.m */; };
		044433A21EDFEEDB00C8E7C4 /* JXBanTangTableViewController.m in Sources */ = {isa = PBXBuildFile; fileRef = 044433A11EDFEEDB00C8E7C4 /* JXBanTangTableViewController.m */; };
		044433A51EDFEF7600C8E7C4 /* JXBTHomeTableViewCell.m in Sources */ = {isa = PBXBuildFile; fileRef = 044433A41EDFEF7600C8E7C4 /* JXBTHomeTableViewCell.m */; };
		0460526F1ECFCDBE00745224 /* ReactiveCocoaViewController.m in Sources */ = {isa = PBXBuildFile; fileRef = 0460526E1ECFCDBE00745224 /* ReactiveCocoaViewController.m */; };
		046052721ECFD09100745224 /* FlagItem.m in Sources */ = {isa = PBXBuildFile; fileRef = 046052711ECFD09100745224 /* FlagItem.m */; };
		046052771ECFD7ED00745224 /* ReativeSearchViewController.m in Sources */ = {isa = PBXBuildFile; fileRef = 046052761ECFD7ED00745224 /* ReativeSearchViewController.m */; };
		0460527A1ECFDE4800745224 /* ReactiveCocoaBlockViewController.m in Sources */ = {isa = PBXBuildFile; fileRef = 046052791ECFDE4800745224 /* ReactiveCocoaBlockViewController.m */; };
		0460B8D51EDFC60300C00DA5 /* JXBanTangViewController.m in Sources */ = {isa = PBXBuildFile; fileRef = 0460B8D41EDFC60300C00DA5 /* JXBanTangViewController.m */; };
		0460B8DE1EDFC6C900C00DA5 /* UIButton+Size.m in Sources */ = {isa = PBXBuildFile; fileRef = 0460B8D91EDFC6C900C00DA5 /* UIButton+Size.m */; };
		0460B8DF1EDFC6C900C00DA5 /* UIImage+JQImage.m in Sources */ = {isa = PBXBuildFile; fileRef = 0460B8DB1EDFC6C900C00DA5 /* UIImage+JQImage.m */; };
		0460B8E01EDFC6C900C00DA5 /* UIView+Extension.m in Sources */ = {isa = PBXBuildFile; fileRef = 0460B8DD1EDFC6C900C00DA5 /* UIView+Extension.m */; };
		0460B8E51EDFC8D000C00DA5 /* JXBanTangHeaderView.m in Sources */ = {isa = PBXBuildFile; fileRef = 0460B8E41EDFC8D000C00DA5 /* JXBanTangHeaderView.m */; };
		0460B8E81EDFC90E00C00DA5 /* index.json in Resources */ = {isa = PBXBuildFile; fileRef = 0460B8E71EDFC90E00C00DA5 /* index.json */; };
		0460B8F91EDFC93A00C00DA5 /* home_email_black.png in Resources */ = {isa = PBXBuildFile; fileRef = 0460B8EB1EDFC93A00C00DA5 /* home_email_black.png */; };
		0460B8FA1EDFC93A00C00DA5 /* home_email_red.png in Resources */ = {isa = PBXBuildFile; fileRef = 0460B8EC1EDFC93A00C00DA5 /* home_email_red.png */; };
		0460B8FB1EDFC93A00C00DA5 /* home_emared.png in Resources */ = {isa = PBXBuildFile; fileRef = 0460B8ED1EDFC93A00C00DA5 /* home_emared.png */; };
		0460B8FC1EDFC93A00C00DA5 /* home_like.png in Resources */ = {isa = PBXBuildFile; fileRef = 0460B8EE1EDFC93A00C00DA5 /* home_like.png */; };
		0460B8FD1EDFC93A00C00DA5 /* home_search_icon.png in Resources */ = {isa = PBXBuildFile; fileRef = 0460B8EF1EDFC93A00C00DA5 /* home_search_icon.png */; };
		0460B8FE1EDFC93A00C00DA5 /* home_watch.png in Resources */ = {isa = PBXBuildFile; fileRef = 0460B8F01EDFC93A00C00DA5 /* home_watch.png */; };
		0460B8FF1EDFC93A00C00DA5 /* nar_bgbg.png in Resources */ = {isa = PBXBuildFile; fileRef = 0460B8F11EDFC93A00C00DA5 /* nar_bgbg.png */; };
		0460B9001EDFC93A00C00DA5 /* tab_bar_bg.png in Resources */ = {isa = PBXBuildFile; fileRef = 0460B8F21EDFC93A00C00DA5 /* tab_bar_bg.png */; };
		0460B9011EDFC93A00C00DA5 /* tab_publish_add.png in Resources */ = {isa = PBXBuildFile; fileRef = 0460B8F31EDFC93A00C00DA5 /* tab_publish_add.png */; };
		0460B9021EDFC93A00C00DA5 /* tab_publish_add_pressed.png in Resources */ = {isa = PBXBuildFile; fileRef = 0460B8F41EDFC93A00C00DA5 /* tab_publish_add_pressed.png */; };
		0460B9031EDFC93A00C00DA5 /* tab_我的.png in Resources */ = {isa = PBXBuildFile; fileRef = 0460B8F51EDFC93A00C00DA5 /* tab_我的.png */; };
		0460B9041EDFC93A00C00DA5 /* tab_我的_pressed.png in Resources */ = {isa = PBXBuildFile; fileRef = 0460B8F61EDFC93A00C00DA5 /* tab_我的_pressed.png */; };
		0460B9051EDFC93A00C00DA5 /* tab_首页.png in Resources */ = {isa = PBXBuildFile; fileRef = 0460B8F71EDFC93A00C00DA5 /* tab_首页.png */; };
		0460B9061EDFC93A00C00DA5 /* tab_首页_pressed.png in Resources */ = {isa = PBXBuildFile; fileRef = 0460B8F81EDFC93A00C00DA5 /* tab_首页_pressed.png */; };
		0460B9321EDFC95200C00DA5 /* recomand_01.jpg in Resources */ = {isa = PBXBuildFile; fileRef = 0460B9081EDFC95200C00DA5 /* recomand_01.jpg */; };
		0460B9331EDFC95200C00DA5 /* recomand_02.jpg in Resources */ = {isa = PBXBuildFile; fileRef = 0460B9091EDFC95200C00DA5 /* recomand_02.jpg */; };
		0460B9341EDFC95200C00DA5 /* recomand_03.jpg in Resources */ = {isa = PBXBuildFile; fileRef = 0460B90A1EDFC95200C00DA5 /* recomand_03.jpg */; };
		0460B9351EDFC95200C00DA5 /* recomand_04.jpg in Resources */ = {isa = PBXBuildFile; fileRef = 0460B90B1EDFC95200C00DA5 /* recomand_04.jpg */; };
		0460B9361EDFC95200C00DA5 /* recomand_05.jpg in Resources */ = {isa = PBXBuildFile; fileRef = 0460B90C1EDFC95200C00DA5 /* recomand_05.jpg */; };
		0460B9371EDFC95200C00DA5 /* recomand_06.jpg in Resources */ = {isa = PBXBuildFile; fileRef = 0460B90D1EDFC95200C00DA5 /* recomand_06.jpg */; };
		0460B9381EDFC95200C00DA5 /* recomand_07.jpg in Resources */ = {isa = PBXBuildFile; fileRef = 0460B90E1EDFC95200C00DA5 /* recomand_07.jpg */; };
		0460B9391EDFC95200C00DA5 /* recomand_08.jpg in Resources */ = {isa = PBXBuildFile; fileRef = 0460B90F1EDFC95200C00DA5 /* recomand_08.jpg */; };
		0460B93A1EDFC95200C00DA5 /* recomand_09.jpg in Resources */ = {isa = PBXBuildFile; fileRef = 0460B9101EDFC95200C00DA5 /* recomand_09.jpg */; };
		0460B93B1EDFC95200C00DA5 /* recomand_10.jpg in Resources */ = {isa = PBXBuildFile; fileRef = 0460B9111EDFC95200C00DA5 /* recomand_10.jpg */; };
		0460B93C1EDFC95200C00DA5 /* recomand_11.jpg in Resources */ = {isa = PBXBuildFile; fileRef = 0460B9121EDFC95200C00DA5 /* recomand_11.jpg */; };
		0460B93D1EDFC95200C00DA5 /* recomand_12.jpg in Resources */ = {isa = PBXBuildFile; fileRef = 0460B9131EDFC95200C00DA5 /* recomand_12.jpg */; };
		0460B93E1EDFC95200C00DA5 /* recomand_13.jpg in Resources */ = {isa = PBXBuildFile; fileRef = 0460B9141EDFC95200C00DA5 /* recomand_13.jpg */; };
		0460B93F1EDFC95200C00DA5 /* recomand_14.jpg in Resources */ = {isa = PBXBuildFile; fileRef = 0460B9151EDFC95200C00DA5 /* recomand_14.jpg */; };
		0460B9401EDFC95200C00DA5 /* recomand_15.jpg in Resources */ = {isa = PBXBuildFile; fileRef = 0460B9161EDFC95200C00DA5 /* recomand_15.jpg */; };
		0460B9411EDFC95200C00DA5 /* recomand_16.jpg in Resources */ = {isa = PBXBuildFile; fileRef = 0460B9171EDFC95200C00DA5 /* recomand_16.jpg */; };
		0460B9421EDFC95200C00DA5 /* recomand_17.jpg in Resources */ = {isa = PBXBuildFile; fileRef = 0460B9181EDFC95200C00DA5 /* recomand_17.jpg */; };
		0460B9431EDFC95200C00DA5 /* recomand_18.jpg in Resources */ = {isa = PBXBuildFile; fileRef = 0460B9191EDFC95200C00DA5 /* recomand_18.jpg */; };
		0460B9441EDFC95200C00DA5 /* recomand_19.jpg in Resources */ = {isa = PBXBuildFile; fileRef = 0460B91A1EDFC95200C00DA5 /* recomand_19.jpg */; };
		0460B9451EDFC95200C00DA5 /* recomand_20.jpg in Resources */ = {isa = PBXBuildFile; fileRef = 0460B91B1EDFC95200C00DA5 /* recomand_20.jpg */; };
		0460B9461EDFC95200C00DA5 /* header01@2x.jpg in Resources */ = {isa = PBXBuildFile; fileRef = 0460B91D1EDFC95200C00DA5 /* header01@2x.jpg */; };
		0460B9471EDFC95200C00DA5 /* header02@2x.jpg in Resources */ = {isa = PBXBuildFile; fileRef = 0460B91E1EDFC95200C00DA5 /* header02@2x.jpg */; };
		0460B9481EDFC95200C00DA5 /* header03@2x.jpg in Resources */ = {isa = PBXBuildFile; fileRef = 0460B91F1EDFC95200C00DA5 /* header03@2x.jpg */; };
		0460B9491EDFC95200C00DA5 /* header04@2x.jpg in Resources */ = {isa = PBXBuildFile; fileRef = 0460B9201EDFC95200C00DA5 /* header04@2x.jpg */; };
		0460B94A1EDFC95200C00DA5 /* header05@2x.jpg in Resources */ = {isa = PBXBuildFile; fileRef = 0460B9211EDFC95200C00DA5 /* header05@2x.jpg */; };
		0460B94B1EDFC95200C00DA5 /* header06@2x.jpg in Resources */ = {isa = PBXBuildFile; fileRef = 0460B9221EDFC95200C00DA5 /* header06@2x.jpg */; };
		0460B94C1EDFC95200C00DA5 /* header07@2x.jpg in Resources */ = {isa = PBXBuildFile; fileRef = 0460B9231EDFC95200C00DA5 /* header07@2x.jpg */; };
		0460B94D1EDFC95200C00DA5 /* header08@2x.jpg in Resources */ = {isa = PBXBuildFile; fileRef = 0460B9241EDFC95200C00DA5 /* header08@2x.jpg */; };
		0460B94E1EDFC95200C00DA5 /* header09@2x.jpg in Resources */ = {isa = PBXBuildFile; fileRef = 0460B9251EDFC95200C00DA5 /* header09@2x.jpg */; };
		0460B94F1EDFC95200C00DA5 /* header10@2x.jpg in Resources */ = {isa = PBXBuildFile; fileRef = 0460B9261EDFC95200C00DA5 /* header10@2x.jpg */; };
		0460B9501EDFC95200C00DA5 /* refresh00.png in Resources */ = {isa = PBXBuildFile; fileRef = 0460B9271EDFC95200C00DA5 /* refresh00.png */; };
		0460B9511EDFC95200C00DA5 /* refresh01.png in Resources */ = {isa = PBXBuildFile; fileRef = 0460B9281EDFC95200C00DA5 /* refresh01.png */; };
		0460B9521EDFC95200C00DA5 /* refresh02.png in Resources */ = {isa = PBXBuildFile; fileRef = 0460B9291EDFC95200C00DA5 /* refresh02.png */; };
		0460B9531EDFC95200C00DA5 /* refresh03.png in Resources */ = {isa = PBXBuildFile; fileRef = 0460B92A1EDFC95200C00DA5 /* refresh03.png */; };
		0460B9541EDFC95200C00DA5 /* refresh04.png in Resources */ = {isa = PBXBuildFile; fileRef = 0460B92B1EDFC95200C00DA5 /* refresh04.png */; };
		0460B9551EDFC95200C00DA5 /* refresh05.png in Resources */ = {isa = PBXBuildFile; fileRef = 0460B92C1EDFC95200C00DA5 /* refresh05.png */; };
		0460B9561EDFC95200C00DA5 /* refresh06.png in Resources */ = {isa = PBXBuildFile; fileRef = 0460B92D1EDFC95200C00DA5 /* refresh06.png */; };
		0460B9571EDFC95200C00DA5 /* refresh07.png in Resources */ = {isa = PBXBuildFile; fileRef = 0460B92E1EDFC95200C00DA5 /* refresh07.png */; };
		0460B9581EDFC95200C00DA5 /* refresh08.png in Resources */ = {isa = PBXBuildFile; fileRef = 0460B92F1EDFC95200C00DA5 /* refresh08.png */; };
		0460B9591EDFC95200C00DA5 /* refresh09.png in Resources */ = {isa = PBXBuildFile; fileRef = 0460B9301EDFC95200C00DA5 /* refresh09.png */; };
		0460B95A1EDFC95200C00DA5 /* refresh10.png in Resources */ = {isa = PBXBuildFile; fileRef = 0460B9311EDFC95200C00DA5 /* refresh10.png */; };
		0460B9641EDFC96000C00DA5 /* cycle_01.jpg in Resources */ = {isa = PBXBuildFile; fileRef = 0460B95C1EDFC96000C00DA5 /* cycle_01.jpg */; };
		0460B9651EDFC96000C00DA5 /* cycle_02.jpg in Resources */ = {isa = PBXBuildFile; fileRef = 0460B95D1EDFC96000C00DA5 /* cycle_02.jpg */; };
		0460B9661EDFC96000C00DA5 /* cycle_03.jpg in Resources */ = {isa = PBXBuildFile; fileRef = 0460B95E1EDFC96000C00DA5 /* cycle_03.jpg */; };
		0460B9671EDFC96000C00DA5 /* cycle_04.jpg in Resources */ = {isa = PBXBuildFile; fileRef = 0460B95F1EDFC96000C00DA5 /* cycle_04.jpg */; };
		0460B9681EDFC96000C00DA5 /* cycle_05.jpg in Resources */ = {isa = PBXBuildFile; fileRef = 0460B9601EDFC96000C00DA5 /* cycle_05.jpg */; };
		0460B9691EDFC96000C00DA5 /* cycle_06.jpg in Resources */ = {isa = PBXBuildFile; fileRef = 0460B9611EDFC96000C00DA5 /* cycle_06.jpg */; };
		0460B96A1EDFC96000C00DA5 /* cycle_07.jpg in Resources */ = {isa = PBXBuildFile; fileRef = 0460B9621EDFC96000C00DA5 /* cycle_07.jpg */; };
		0460B96B1EDFC96000C00DA5 /* cycle_08.jpg in Resources */ = {isa = PBXBuildFile; fileRef = 0460B9631EDFC96000C00DA5 /* cycle_08.jpg */; };
		046BFB9C1EE4EF1D009358B5 /* NotificationViewController.m in Sources */ = {isa = PBXBuildFile; fileRef = 046BFB9B1EE4EF1D009358B5 /* NotificationViewController.m */; };
		046BFBA11EE4F4B2009358B5 /* NSArray+log.m in Sources */ = {isa = PBXBuildFile; fileRef = 046BFB9E1EE4F4B2009358B5 /* NSArray+log.m */; };
		046BFBA21EE4F4B2009358B5 /* NSDictionary+log.m in Sources */ = {isa = PBXBuildFile; fileRef = 046BFBA01EE4F4B2009358B5 /* NSDictionary+log.m */; };
		046BFBA41EE4FD34009358B5 /* icon_certification_status1@2x.png in Resources */ = {isa = PBXBuildFile; fileRef = 046BFBA31EE4FD34009358B5 /* icon_certification_status1@2x.png */; };
		046BFBA81EE500EF009358B5 /* flv视频测试用例1.mp4 in Resources */ = {isa = PBXBuildFile; fileRef = 046BFBA51EE500EF009358B5 /* flv视频测试用例1.mp4 */; };
		046BFBA91EE500EF009358B5 /* image01.jpg in Resources */ = {isa = PBXBuildFile; fileRef = 046BFBA61EE500EF009358B5 /* image01.jpg */; };
		046BFBAA1EE500EF009358B5 /* test1.gif in Resources */ = {isa = PBXBuildFile; fileRef = 046BFBA71EE500EF009358B5 /* test1.gif */; };
		046BFBAE1EE5033E009358B5 /* NotificationService.m in Sources */ = {isa = PBXBuildFile; fileRef = 046BFBAD1EE5033E009358B5 /* NotificationService.m */; };
		046BFBB11EE5034B009358B5 /* NotificationViewController2.m in Sources */ = {isa = PBXBuildFile; fileRef = 046BFBB01EE5034B009358B5 /* NotificationViewController2.m */; };
		048DCA061ED126910037DFE0 /* JXAMapViewController.m in Sources */ = {isa = PBXBuildFile; fileRef = 048DCA051ED126910037DFE0 /* JXAMapViewController.m */; };
		048DCA0A1ED1327E0037DFE0 /* JXCustomCalloutView.m in Sources */ = {isa = PBXBuildFile; fileRef = 048DCA091ED1327E0037DFE0 /* JXCustomCalloutView.m */; };
		048DCA0D1ED133F60037DFE0 /* JXCustomAnnotationView.m in Sources */ = {isa = PBXBuildFile; fileRef = 048DCA0C1ED133F60037DFE0 /* JXCustomAnnotationView.m */; };
		048DCA101ED134A10037DFE0 /* JXCustomAnnotationViewController.m in Sources */ = {isa = PBXBuildFile; fileRef = 048DCA0F1ED134A10037DFE0 /* JXCustomAnnotationViewController.m */; };
		04915AD81EDFF121004D282D /* JXBTHomeRecomandModel.m in Sources */ = {isa = PBXBuildFile; fileRef = 04915AD71EDFF121004D282D /* JXBTHomeRecomandModel.m */; };
		04915ADC1EE00A9F004D282D /* JXBanTangConst.m in Sources */ = {isa = PBXBuildFile; fileRef = 04915ADB1EE00A9F004D282D /* JXBanTangConst.m */; };
		04AC30BE1ED9187800841D63 /* GCDBaseViewController.m in Sources */ = {isa = PBXBuildFile; fileRef = 04AC30BD1ED9187800841D63 /* GCDBaseViewController.m */; };
		04AC30C21ED91A7F00841D63 /* MainTabbarVC.m in Sources */ = {isa = PBXBuildFile; fileRef = 04AC30C11ED91A7F00841D63 /* MainTabbarVC.m */; };
		04AC30C61ED91CE300841D63 /* FDTemplateViewController.m in Sources */ = {isa = PBXBuildFile; fileRef = 04AC30C51ED91CE300841D63 /* FDTemplateViewController.m */; };
		04AC30CA1ED91D3200841D63 /* FDTCell.m in Sources */ = {isa = PBXBuildFile; fileRef = 04AC30C81ED91D3200841D63 /* FDTCell.m */; };
		04AC30CB1ED91D3200841D63 /* FDTCell.xib in Resources */ = {isa = PBXBuildFile; fileRef = 04AC30C91ED91D3200841D63 /* FDTCell.xib */; };
		04AC30D01ED91D7000841D63 /* FDTMasoryCell.m in Sources */ = {isa = PBXBuildFile; fileRef = 04AC30CD1ED91D7000841D63 /* FDTMasoryCell.m */; };
		04AC30D11ED91D7000841D63 /* FDTModel.m in Sources */ = {isa = PBXBuildFile; fileRef = 04AC30CF1ED91D7000841D63 /* FDTModel.m */; };
		04AC30D51ED922F600841D63 /* NSThreadViewController.m in Sources */ = {isa = PBXBuildFile; fileRef = 04AC30D41ED922F600841D63 /* NSThreadViewController.m */; };
		04AC30DC1ED923DE00841D63 /* TestAVPlayerViewController.m in Sources */ = {isa = PBXBuildFile; fileRef = 04AC30D81ED923DE00841D63 /* TestAVPlayerViewController.m */; };
		04AC30DD1ED923DE00841D63 /* TestAVPlayerViewController.xib in Resources */ = {isa = PBXBuildFile; fileRef = 04AC30D91ED923DE00841D63 /* TestAVPlayerViewController.xib */; };
		04AC30DE1ED923DE00841D63 /* TestZFPlayerViewController.m in Sources */ = {isa = PBXBuildFile; fileRef = 04AC30DB1ED923DE00841D63 /* TestZFPlayerViewController.m */; };
		04AC30E01ED92A1200841D63 /* 智能拼图.mov in Resources */ = {isa = PBXBuildFile; fileRef = 04AC30DF1ED92A1200841D63 /* 智能拼图.mov */; };
		04AC30E51ED92B9C00841D63 /* ExampleApp.html in Resources */ = {isa = PBXBuildFile; fileRef = 04AC30E21ED92B9C00841D63 /* ExampleApp.html */; };
		04AC30E61ED92B9C00841D63 /* JSBridgeVC.m in Sources */ = {isa = PBXBuildFile; fileRef = 04AC30E41ED92B9C00841D63 /* JSBridgeVC.m */; };
		04AC30EA1ED92D2C00841D63 /* PicEditViewController.m in Sources */ = {isa = PBXBuildFile; fileRef = 04AC30E91ED92D2C00841D63 /* PicEditViewController.m */; };
		04BE3FDE1ED13CE600459B2E /* JXPOISearchViewController.m in Sources */ = {isa = PBXBuildFile; fileRef = 04BE3FDD1ED13CE600459B2E /* JXPOISearchViewController.m */; };
		04BE3FE21ED1453400459B2E /* JXPlaceAroundTableView.m in Sources */ = {isa = PBXBuildFile; fileRef = 04BE3FE11ED1453400459B2E /* JXPlaceAroundTableView.m */; };
		04BE3FE91ED1840000459B2E /* JXActivitySearchResultViewController.m in Sources */ = {isa = PBXBuildFile; fileRef = 04BE3FE61ED1840000459B2E /* JXActivitySearchResultViewController.m */; };
		04BE3FEA1ED1840000459B2E /* JXActivitySearchViewController.m in Sources */ = {isa = PBXBuildFile; fileRef = 04BE3FE81ED1840000459B2E /* JXActivitySearchViewController.m */; };
		04D8420E1EC694CB00E14F48 /* main.m in Sources */ = {isa = PBXBuildFile; fileRef = 04D8420D1EC694CB00E14F48 /* main.m */; };
		04D842111EC694CB00E14F48 /* AppDelegate.m in Sources */ = {isa = PBXBuildFile; fileRef = 04D842101EC694CB00E14F48 /* AppDelegate.m */; };
		04D842141EC694CB00E14F48 /* ViewController.m in Sources */ = {isa = PBXBuildFile; fileRef = 04D842131EC694CB00E14F48 /* ViewController.m */; };
		04D842171EC694CB00E14F48 /* Main.storyboard in Resources */ = {isa = PBXBuildFile; fileRef = 04D842151EC694CB00E14F48 /* Main.storyboard */; };
		04D842191EC694CB00E14F48 /* Assets.xcassets in Resources */ = {isa = PBXBuildFile; fileRef = 04D842181EC694CB00E14F48 /* Assets.xcassets */; };
		04D8421C1EC694CB00E14F48 /* LaunchScreen.storyboard in Resources */ = {isa = PBXBuildFile; fileRef = 04D8421A1EC694CB00E14F48 /* LaunchScreen.storyboard */; };
		04D842291EC695A600E14F48 /* JXCaculatorMaker.m in Sources */ = {isa = PBXBuildFile; fileRef = 04D842261EC695A600E14F48 /* JXCaculatorMaker.m */; };
		04D8422A1EC695A600E14F48 /* NSObject+caculator.m in Sources */ = {isa = PBXBuildFile; fileRef = 04D842281EC695A600E14F48 /* NSObject+caculator.m */; };
		04D8422D1EC696D300E14F48 /* JXCaculator.m in Sources */ = {isa = PBXBuildFile; fileRef = 04D8422C1EC696D300E14F48 /* JXCaculator.m */; };
		04F2AE0C1EE55D850038C33C /* guide0.mp4 in Resources */ = {isa = PBXBuildFile; fileRef = 04F2AE081EE55D850038C33C /* guide0.mp4 */; };
		04F2AE0D1EE55D850038C33C /* guide1.mp4 in Resources */ = {isa = PBXBuildFile; fileRef = 04F2AE091EE55D850038C33C /* guide1.mp4 */; };
		04F2AE0E1EE55D850038C33C /* guide2.mp4 in Resources */ = {isa = PBXBuildFile; fileRef = 04F2AE0A1EE55D850038C33C /* guide2.mp4 */; };
		04F2AE0F1EE55D850038C33C /* guide3.mp4 in Resources */ = {isa = PBXBuildFile; fileRef = 04F2AE0B1EE55D850038C33C /* guide3.mp4 */; };
		04F2AE191EE55DA70038C33C /* NewFeatureViewController.m in Sources */ = {isa = PBXBuildFile; fileRef = 04F2AE121EE55DA70038C33C /* NewFeatureViewController.m */; };
		04F2AE1A1EE55DA70038C33C /* ALinFlowLayout.m in Sources */ = {isa = PBXBuildFile; fileRef = 04F2AE151EE55DA70038C33C /* ALinFlowLayout.m */; };
		04F2AE1B1EE55DA70038C33C /* NewFeatureCell.m in Sources */ = {isa = PBXBuildFile; fileRef = 04F2AE181EE55DA70038C33C /* NewFeatureCell.m */; };
		A0361796ACFAA845B80205C4 /* libPods-JXPlaygroundDemo.a in Frameworks */ = {isa = PBXBuildFile; fileRef = FA20446F825B822478A3143C /* libPods-JXPlaygroundDemo.a */; };
/* End PBXBuildFile section */

/* Begin PBXFileReference section */
		043E83081EE50B9800854151 /* JXNotificationViewController.h */ = {isa = PBXFileReference; fileEncoding = 4; lastKnownFileType = sourcecode.c.h; path = JXNotificationViewController.h; sourceTree = "<group>"; };
		043E83091EE50B9800854151 /* JXNotificationViewController.m */ = {isa = PBXFileReference; fileEncoding = 4; lastKnownFileType = sourcecode.c.objc; path = JXNotificationViewController.m; sourceTree = "<group>"; };
		0444339D1EDFEC5600C8E7C4 /* JXBanTangRefreshHeader.h */ = {isa = PBXFileReference; fileEncoding = 4; lastKnownFileType = sourcecode.c.h; path = JXBanTangRefreshHeader.h; sourceTree = "<group>"; };
		0444339E1EDFEC5600C8E7C4 /* JXBanTangRefreshHeader.m */ = {isa = PBXFileReference; fileEncoding = 4; lastKnownFileType = sourcecode.c.objc; path = JXBanTangRefreshHeader.m; sourceTree = "<group>"; };
		044433A01EDFEEDB00C8E7C4 /* JXBanTangTableViewController.h */ = {isa = PBXFileReference; fileEncoding = 4; lastKnownFileType = sourcecode.c.h; path = JXBanTangTableViewController.h; sourceTree = "<group>"; };
		044433A11EDFEEDB00C8E7C4 /* JXBanTangTableViewController.m */ = {isa = PBXFileReference; fileEncoding = 4; lastKnownFileType = sourcecode.c.objc; path = JXBanTangTableViewController.m; sourceTree = "<group>"; };
		044433A31EDFEF7600C8E7C4 /* JXBTHomeTableViewCell.h */ = {isa = PBXFileReference; fileEncoding = 4; lastKnownFileType = sourcecode.c.h; path = JXBTHomeTableViewCell.h; sourceTree = "<group>"; };
		044433A41EDFEF7600C8E7C4 /* JXBTHomeTableViewCell.m */ = {isa = PBXFileReference; fileEncoding = 4; lastKnownFileType = sourcecode.c.objc; path = JXBTHomeTableViewCell.m; sourceTree = "<group>"; };
		0460526D1ECFCDBE00745224 /* ReactiveCocoaViewController.h */ = {isa = PBXFileReference; fileEncoding = 4; lastKnownFileType = sourcecode.c.h; path = ReactiveCocoaViewController.h; sourceTree = "<group>"; };
		0460526E1ECFCDBE00745224 /* ReactiveCocoaViewController.m */ = {isa = PBXFileReference; fileEncoding = 4; lastKnownFileType = sourcecode.c.objc; path = ReactiveCocoaViewController.m; sourceTree = "<group>"; };
		046052701ECFD09100745224 /* FlagItem.h */ = {isa = PBXFileReference; fileEncoding = 4; lastKnownFileType = sourcecode.c.h; path = FlagItem.h; sourceTree = "<group>"; };
		046052711ECFD09100745224 /* FlagItem.m */ = {isa = PBXFileReference; fileEncoding = 4; lastKnownFileType = sourcecode.c.objc; path = FlagItem.m; sourceTree = "<group>"; };
		046052751ECFD7ED00745224 /* ReativeSearchViewController.h */ = {isa = PBXFileReference; fileEncoding = 4; lastKnownFileType = sourcecode.c.h; path = ReativeSearchViewController.h; sourceTree = "<group>"; };
		046052761ECFD7ED00745224 /* ReativeSearchViewController.m */ = {isa = PBXFileReference; fileEncoding = 4; lastKnownFileType = sourcecode.c.objc; path = ReativeSearchViewController.m; sourceTree = "<group>"; };
		046052781ECFDE4800745224 /* ReactiveCocoaBlockViewController.h */ = {isa = PBXFileReference; fileEncoding = 4; lastKnownFileType = sourcecode.c.h; path = ReactiveCocoaBlockViewController.h; sourceTree = "<group>"; };
		046052791ECFDE4800745224 /* ReactiveCocoaBlockViewController.m */ = {isa = PBXFileReference; fileEncoding = 4; lastKnownFileType = sourcecode.c.objc; path = ReactiveCocoaBlockViewController.m; sourceTree = "<group>"; };
		0460B8D31EDFC60300C00DA5 /* JXBanTangViewController.h */ = {isa = PBXFileReference; fileEncoding = 4; lastKnownFileType = sourcecode.c.h; path = JXBanTangViewController.h; sourceTree = "<group>"; };
		0460B8D41EDFC60300C00DA5 /* JXBanTangViewController.m */ = {isa = PBXFileReference; fileEncoding = 4; lastKnownFileType = sourcecode.c.objc; path = JXBanTangViewController.m; sourceTree = "<group>"; };
		0460B8D81EDFC6C900C00DA5 /* UIButton+Size.h */ = {isa = PBXFileReference; fileEncoding = 4; lastKnownFileType = sourcecode.c.h; path = "UIButton+Size.h"; sourceTree = "<group>"; };
		0460B8D91EDFC6C900C00DA5 /* UIButton+Size.m */ = {isa = PBXFileReference; fileEncoding = 4; lastKnownFileType = sourcecode.c.objc; path = "UIButton+Size.m"; sourceTree = "<group>"; };
		0460B8DA1EDFC6C900C00DA5 /* UIImage+JQImage.h */ = {isa = PBXFileReference; fileEncoding = 4; lastKnownFileType = sourcecode.c.h; path = "UIImage+JQImage.h"; sourceTree = "<group>"; };
		0460B8DB1EDFC6C900C00DA5 /* UIImage+JQImage.m */ = {isa = PBXFileReference; fileEncoding = 4; lastKnownFileType = sourcecode.c.objc; path = "UIImage+JQImage.m"; sourceTree = "<group>"; };
		0460B8DC1EDFC6C900C00DA5 /* UIView+Extension.h */ = {isa = PBXFileReference; fileEncoding = 4; lastKnownFileType = sourcecode.c.h; path = "UIView+Extension.h"; sourceTree = "<group>"; };
		0460B8DD1EDFC6C900C00DA5 /* UIView+Extension.m */ = {isa = PBXFileReference; fileEncoding = 4; lastKnownFileType = sourcecode.c.objc; path = "UIView+Extension.m"; sourceTree = "<group>"; };
		0460B8E31EDFC8D000C00DA5 /* JXBanTangHeaderView.h */ = {isa = PBXFileReference; fileEncoding = 4; lastKnownFileType = sourcecode.c.h; path = JXBanTangHeaderView.h; sourceTree = "<group>"; };
		0460B8E41EDFC8D000C00DA5 /* JXBanTangHeaderView.m */ = {isa = PBXFileReference; fileEncoding = 4; lastKnownFileType = sourcecode.c.objc; path = JXBanTangHeaderView.m; sourceTree = "<group>"; };
		0460B8E71EDFC90E00C00DA5 /* index.json */ = {isa = PBXFileReference; fileEncoding = 4; lastKnownFileType = text.json; path = index.json; sourceTree = "<group>"; };
		0460B8EB1EDFC93A00C00DA5 /* home_email_black.png */ = {isa = PBXFileReference; lastKnownFileType = image.png; path = home_email_black.png; sourceTree = "<group>"; };
		0460B8EC1EDFC93A00C00DA5 /* home_email_red.png */ = {isa = PBXFileReference; lastKnownFileType = image.png; path = home_email_red.png; sourceTree = "<group>"; };
		0460B8ED1EDFC93A00C00DA5 /* home_emared.png */ = {isa = PBXFileReference; lastKnownFileType = image.png; path = home_emared.png; sourceTree = "<group>"; };
		0460B8EE1EDFC93A00C00DA5 /* home_like.png */ = {isa = PBXFileReference; lastKnownFileType = image.png; path = home_like.png; sourceTree = "<group>"; };
		0460B8EF1EDFC93A00C00DA5 /* home_search_icon.png */ = {isa = PBXFileReference; lastKnownFileType = image.png; path = home_search_icon.png; sourceTree = "<group>"; };
		0460B8F01EDFC93A00C00DA5 /* home_watch.png */ = {isa = PBXFileReference; lastKnownFileType = image.png; path = home_watch.png; sourceTree = "<group>"; };
		0460B8F11EDFC93A00C00DA5 /* nar_bgbg.png */ = {isa = PBXFileReference; lastKnownFileType = image.png; path = nar_bgbg.png; sourceTree = "<group>"; };
		0460B8F21EDFC93A00C00DA5 /* tab_bar_bg.png */ = {isa = PBXFileReference; lastKnownFileType = image.png; path = tab_bar_bg.png; sourceTree = "<group>"; };
		0460B8F31EDFC93A00C00DA5 /* tab_publish_add.png */ = {isa = PBXFileReference; lastKnownFileType = image.png; path = tab_publish_add.png; sourceTree = "<group>"; };
		0460B8F41EDFC93A00C00DA5 /* tab_publish_add_pressed.png */ = {isa = PBXFileReference; lastKnownFileType = image.png; path = tab_publish_add_pressed.png; sourceTree = "<group>"; };
		0460B8F51EDFC93A00C00DA5 /* tab_我的.png */ = {isa = PBXFileReference; lastKnownFileType = image.png; path = "tab_我的.png"; sourceTree = "<group>"; };
		0460B8F61EDFC93A00C00DA5 /* tab_我的_pressed.png */ = {isa = PBXFileReference; lastKnownFileType = image.png; path = "tab_我的_pressed.png"; sourceTree = "<group>"; };
		0460B8F71EDFC93A00C00DA5 /* tab_首页.png */ = {isa = PBXFileReference; lastKnownFileType = image.png; path = "tab_首页.png"; sourceTree = "<group>"; };
		0460B8F81EDFC93A00C00DA5 /* tab_首页_pressed.png */ = {isa = PBXFileReference; lastKnownFileType = image.png; path = "tab_首页_pressed.png"; sourceTree = "<group>"; };
		0460B9081EDFC95200C00DA5 /* recomand_01.jpg */ = {isa = PBXFileReference; lastKnownFileType = image.jpeg; path = recomand_01.jpg; sourceTree = "<group>"; };
		0460B9091EDFC95200C00DA5 /* recomand_02.jpg */ = {isa = PBXFileReference; lastKnownFileType = image.jpeg; path = recomand_02.jpg; sourceTree = "<group>"; };
		0460B90A1EDFC95200C00DA5 /* recomand_03.jpg */ = {isa = PBXFileReference; lastKnownFileType = image.jpeg; path = recomand_03.jpg; sourceTree = "<group>"; };
		0460B90B1EDFC95200C00DA5 /* recomand_04.jpg */ = {isa = PBXFileReference; lastKnownFileType = image.jpeg; path = recomand_04.jpg; sourceTree = "<group>"; };
		0460B90C1EDFC95200C00DA5 /* recomand_05.jpg */ = {isa = PBXFileReference; lastKnownFileType = image.jpeg; path = recomand_05.jpg; sourceTree = "<group>"; };
		0460B90D1EDFC95200C00DA5 /* recomand_06.jpg */ = {isa = PBXFileReference; lastKnownFileType = image.jpeg; path = recomand_06.jpg; sourceTree = "<group>"; };
		0460B90E1EDFC95200C00DA5 /* recomand_07.jpg */ = {isa = PBXFileReference; lastKnownFileType = image.jpeg; path = recomand_07.jpg; sourceTree = "<group>"; };
		0460B90F1EDFC95200C00DA5 /* recomand_08.jpg */ = {isa = PBXFileReference; lastKnownFileType = image.jpeg; path = recomand_08.jpg; sourceTree = "<group>"; };
		0460B9101EDFC95200C00DA5 /* recomand_09.jpg */ = {isa = PBXFileReference; lastKnownFileType = image.jpeg; path = recomand_09.jpg; sourceTree = "<group>"; };
		0460B9111EDFC95200C00DA5 /* recomand_10.jpg */ = {isa = PBXFileReference; lastKnownFileType = image.jpeg; path = recomand_10.jpg; sourceTree = "<group>"; };
		0460B9121EDFC95200C00DA5 /* recomand_11.jpg */ = {isa = PBXFileReference; lastKnownFileType = image.jpeg; path = recomand_11.jpg; sourceTree = "<group>"; };
		0460B9131EDFC95200C00DA5 /* recomand_12.jpg */ = {isa = PBXFileReference; lastKnownFileType = image.jpeg; path = recomand_12.jpg; sourceTree = "<group>"; };
		0460B9141EDFC95200C00DA5 /* recomand_13.jpg */ = {isa = PBXFileReference; lastKnownFileType = image.jpeg; path = recomand_13.jpg; sourceTree = "<group>"; };
		0460B9151EDFC95200C00DA5 /* recomand_14.jpg */ = {isa = PBXFileReference; lastKnownFileType = image.jpeg; path = recomand_14.jpg; sourceTree = "<group>"; };
		0460B9161EDFC95200C00DA5 /* recomand_15.jpg */ = {isa = PBXFileReference; lastKnownFileType = image.jpeg; path = recomand_15.jpg; sourceTree = "<group>"; };
		0460B9171EDFC95200C00DA5 /* recomand_16.jpg */ = {isa = PBXFileReference; lastKnownFileType = image.jpeg; path = recomand_16.jpg; sourceTree = "<group>"; };
		0460B9181EDFC95200C00DA5 /* recomand_17.jpg */ = {isa = PBXFileReference; lastKnownFileType = image.jpeg; path = recomand_17.jpg; sourceTree = "<group>"; };
		0460B9191EDFC95200C00DA5 /* recomand_18.jpg */ = {isa = PBXFileReference; lastKnownFileType = image.jpeg; path = recomand_18.jpg; sourceTree = "<group>"; };
		0460B91A1EDFC95200C00DA5 /* recomand_19.jpg */ = {isa = PBXFileReference; lastKnownFileType = image.jpeg; path = recomand_19.jpg; sourceTree = "<group>"; };
		0460B91B1EDFC95200C00DA5 /* recomand_20.jpg */ = {isa = PBXFileReference; lastKnownFileType = image.jpeg; path = recomand_20.jpg; sourceTree = "<group>"; };
		0460B91D1EDFC95200C00DA5 /* header01@2x.jpg */ = {isa = PBXFileReference; lastKnownFileType = image.jpeg; path = "header01@2x.jpg"; sourceTree = "<group>"; };
		0460B91E1EDFC95200C00DA5 /* header02@2x.jpg */ = {isa = PBXFileReference; lastKnownFileType = image.jpeg; path = "header02@2x.jpg"; sourceTree = "<group>"; };
		0460B91F1EDFC95200C00DA5 /* header03@2x.jpg */ = {isa = PBXFileReference; lastKnownFileType = image.jpeg; path = "header03@2x.jpg"; sourceTree = "<group>"; };
		0460B9201EDFC95200C00DA5 /* header04@2x.jpg */ = {isa = PBXFileReference; lastKnownFileType = image.jpeg; path = "header04@2x.jpg"; sourceTree = "<group>"; };
		0460B9211EDFC95200C00DA5 /* header05@2x.jpg */ = {isa = PBXFileReference; lastKnownFileType = image.jpeg; path = "header05@2x.jpg"; sourceTree = "<group>"; };
		0460B9221EDFC95200C00DA5 /* header06@2x.jpg */ = {isa = PBXFileReference; lastKnownFileType = image.jpeg; path = "header06@2x.jpg"; sourceTree = "<group>"; };
		0460B9231EDFC95200C00DA5 /* header07@2x.jpg */ = {isa = PBXFileReference; lastKnownFileType = image.jpeg; path = "header07@2x.jpg"; sourceTree = "<group>"; };
		0460B9241EDFC95200C00DA5 /* header08@2x.jpg */ = {isa = PBXFileReference; lastKnownFileType = image.jpeg; path = "header08@2x.jpg"; sourceTree = "<group>"; };
		0460B9251EDFC95200C00DA5 /* header09@2x.jpg */ = {isa = PBXFileReference; lastKnownFileType = image.jpeg; path = "header09@2x.jpg"; sourceTree = "<group>"; };
		0460B9261EDFC95200C00DA5 /* header10@2x.jpg */ = {isa = PBXFileReference; lastKnownFileType = image.jpeg; path = "header10@2x.jpg"; sourceTree = "<group>"; };
		0460B9271EDFC95200C00DA5 /* refresh00.png */ = {isa = PBXFileReference; lastKnownFileType = image.png; path = refresh00.png; sourceTree = "<group>"; };
		0460B9281EDFC95200C00DA5 /* refresh01.png */ = {isa = PBXFileReference; lastKnownFileType = image.png; path = refresh01.png; sourceTree = "<group>"; };
		0460B9291EDFC95200C00DA5 /* refresh02.png */ = {isa = PBXFileReference; lastKnownFileType = image.png; path = refresh02.png; sourceTree = "<group>"; };
		0460B92A1EDFC95200C00DA5 /* refresh03.png */ = {isa = PBXFileReference; lastKnownFileType = image.png; path = refresh03.png; sourceTree = "<group>"; };
		0460B92B1EDFC95200C00DA5 /* refresh04.png */ = {isa = PBXFileReference; lastKnownFileType = image.png; path = refresh04.png; sourceTree = "<group>"; };
		0460B92C1EDFC95200C00DA5 /* refresh05.png */ = {isa = PBXFileReference; lastKnownFileType = image.png; path = refresh05.png; sourceTree = "<group>"; };
		0460B92D1EDFC95200C00DA5 /* refresh06.png */ = {isa = PBXFileReference; lastKnownFileType = image.png; path = refresh06.png; sourceTree = "<group>"; };
		0460B92E1EDFC95200C00DA5 /* refresh07.png */ = {isa = PBXFileReference; lastKnownFileType = image.png; path = refresh07.png; sourceTree = "<group>"; };
		0460B92F1EDFC95200C00DA5 /* refresh08.png */ = {isa = PBXFileReference; lastKnownFileType = image.png; path = refresh08.png; sourceTree = "<group>"; };
		0460B9301EDFC95200C00DA5 /* refresh09.png */ = {isa = PBXFileReference; lastKnownFileType = image.png; path = refresh09.png; sourceTree = "<group>"; };
		0460B9311EDFC95200C00DA5 /* refresh10.png */ = {isa = PBXFileReference; lastKnownFileType = image.png; path = refresh10.png; sourceTree = "<group>"; };
		0460B95C1EDFC96000C00DA5 /* cycle_01.jpg */ = {isa = PBXFileReference; lastKnownFileType = image.jpeg; path = cycle_01.jpg; sourceTree = "<group>"; };
		0460B95D1EDFC96000C00DA5 /* cycle_02.jpg */ = {isa = PBXFileReference; lastKnownFileType = image.jpeg; path = cycle_02.jpg; sourceTree = "<group>"; };
		0460B95E1EDFC96000C00DA5 /* cycle_03.jpg */ = {isa = PBXFileReference; lastKnownFileType = image.jpeg; path = cycle_03.jpg; sourceTree = "<group>"; };
		0460B95F1EDFC96000C00DA5 /* cycle_04.jpg */ = {isa = PBXFileReference; lastKnownFileType = image.jpeg; path = cycle_04.jpg; sourceTree = "<group>"; };
		0460B9601EDFC96000C00DA5 /* cycle_05.jpg */ = {isa = PBXFileReference; lastKnownFileType = image.jpeg; path = cycle_05.jpg; sourceTree = "<group>"; };
		0460B9611EDFC96000C00DA5 /* cycle_06.jpg */ = {isa = PBXFileReference; lastKnownFileType = image.jpeg; path = cycle_06.jpg; sourceTree = "<group>"; };
		0460B9621EDFC96000C00DA5 /* cycle_07.jpg */ = {isa = PBXFileReference; lastKnownFileType = image.jpeg; path = cycle_07.jpg; sourceTree = "<group>"; };
		0460B9631EDFC96000C00DA5 /* cycle_08.jpg */ = {isa = PBXFileReference; lastKnownFileType = image.jpeg; path = cycle_08.jpg; sourceTree = "<group>"; };
		046BFB9A1EE4EF1D009358B5 /* NotificationViewController.h */ = {isa = PBXFileReference; fileEncoding = 4; lastKnownFileType = sourcecode.c.h; path = NotificationViewController.h; sourceTree = "<group>"; };
		046BFB9B1EE4EF1D009358B5 /* NotificationViewController.m */ = {isa = PBXFileReference; fileEncoding = 4; lastKnownFileType = sourcecode.c.objc; path = NotificationViewController.m; sourceTree = "<group>"; };
		046BFB9D1EE4F4B2009358B5 /* NSArray+log.h */ = {isa = PBXFileReference; fileEncoding = 4; lastKnownFileType = sourcecode.c.h; path = "NSArray+log.h"; sourceTree = "<group>"; };
		046BFB9E1EE4F4B2009358B5 /* NSArray+log.m */ = {isa = PBXFileReference; fileEncoding = 4; lastKnownFileType = sourcecode.c.objc; path = "NSArray+log.m"; sourceTree = "<group>"; };
		046BFB9F1EE4F4B2009358B5 /* NSDictionary+log.h */ = {isa = PBXFileReference; fileEncoding = 4; lastKnownFileType = sourcecode.c.h; path = "NSDictionary+log.h"; sourceTree = "<group>"; };
		046BFBA01EE4F4B2009358B5 /* NSDictionary+log.m */ = {isa = PBXFileReference; fileEncoding = 4; lastKnownFileType = sourcecode.c.objc; path = "NSDictionary+log.m"; sourceTree = "<group>"; };
		046BFBA31EE4FD34009358B5 /* icon_certification_status1@2x.png */ = {isa = PBXFileReference; lastKnownFileType = image.png; path = "icon_certification_status1@2x.png"; sourceTree = "<group>"; };
		046BFBA51EE500EF009358B5 /* flv视频测试用例1.mp4 */ = {isa = PBXFileReference; lastKnownFileType = file; path = "flv视频测试用例1.mp4"; sourceTree = "<group>"; };
		046BFBA61EE500EF009358B5 /* image01.jpg */ = {isa = PBXFileReference; lastKnownFileType = image.jpeg; path = image01.jpg; sourceTree = "<group>"; };
		046BFBA71EE500EF009358B5 /* test1.gif */ = {isa = PBXFileReference; lastKnownFileType = image.gif; path = test1.gif; sourceTree = "<group>"; };
		046BFBAC1EE5033E009358B5 /* NotificationService.h */ = {isa = PBXFileReference; fileEncoding = 4; lastKnownFileType = sourcecode.c.h; path = NotificationService.h; sourceTree = "<group>"; };
		046BFBAD1EE5033E009358B5 /* NotificationService.m */ = {isa = PBXFileReference; fileEncoding = 4; lastKnownFileType = sourcecode.c.objc; path = NotificationService.m; sourceTree = "<group>"; };
		046BFBAF1EE5034B009358B5 /* NotificationViewController2.h */ = {isa = PBXFileReference; fileEncoding = 4; lastKnownFileType = sourcecode.c.h; path = NotificationViewController2.h; sourceTree = "<group>"; };
		046BFBB01EE5034B009358B5 /* NotificationViewController2.m */ = {isa = PBXFileReference; fileEncoding = 4; lastKnownFileType = sourcecode.c.objc; path = NotificationViewController2.m; sourceTree = "<group>"; };
		048DCA041ED126910037DFE0 /* JXAMapViewController.h */ = {isa = PBXFileReference; fileEncoding = 4; lastKnownFileType = sourcecode.c.h; path = JXAMapViewController.h; sourceTree = "<group>"; };
		048DCA051ED126910037DFE0 /* JXAMapViewController.m */ = {isa = PBXFileReference; fileEncoding = 4; lastKnownFileType = sourcecode.c.objc; path = JXAMapViewController.m; sourceTree = "<group>"; };
		048DCA081ED1327E0037DFE0 /* JXCustomCalloutView.h */ = {isa = PBXFileReference; fileEncoding = 4; lastKnownFileType = sourcecode.c.h; path = JXCustomCalloutView.h; sourceTree = "<group>"; };
		048DCA091ED1327E0037DFE0 /* JXCustomCalloutView.m */ = {isa = PBXFileReference; fileEncoding = 4; lastKnownFileType = sourcecode.c.objc; path = JXCustomCalloutView.m; sourceTree = "<group>"; };
		048DCA0B1ED133F60037DFE0 /* JXCustomAnnotationView.h */ = {isa = PBXFileReference; fileEncoding = 4; lastKnownFileType = sourcecode.c.h; path = JXCustomAnnotationView.h; sourceTree = "<group>"; };
		048DCA0C1ED133F60037DFE0 /* JXCustomAnnotationView.m */ = {isa = PBXFileReference; fileEncoding = 4; lastKnownFileType = sourcecode.c.objc; path = JXCustomAnnotationView.m; sourceTree = "<group>"; };
		048DCA0E1ED134A10037DFE0 /* JXCustomAnnotationViewController.h */ = {isa = PBXFileReference; fileEncoding = 4; lastKnownFileType = sourcecode.c.h; path = JXCustomAnnotationViewController.h; sourceTree = "<group>"; };
		048DCA0F1ED134A10037DFE0 /* JXCustomAnnotationViewController.m */ = {isa = PBXFileReference; fileEncoding = 4; lastKnownFileType = sourcecode.c.objc; path = JXCustomAnnotationViewController.m; sourceTree = "<group>"; };
		04915AD61EDFF121004D282D /* JXBTHomeRecomandModel.h */ = {isa = PBXFileReference; fileEncoding = 4; lastKnownFileType = sourcecode.c.h; path = JXBTHomeRecomandModel.h; sourceTree = "<group>"; };
		04915AD71EDFF121004D282D /* JXBTHomeRecomandModel.m */ = {isa = PBXFileReference; fileEncoding = 4; lastKnownFileType = sourcecode.c.objc; path = JXBTHomeRecomandModel.m; sourceTree = "<group>"; };
		04915ADA1EE00A9F004D282D /* JXBanTangConst.h */ = {isa = PBXFileReference; fileEncoding = 4; lastKnownFileType = sourcecode.c.h; path = JXBanTangConst.h; sourceTree = "<group>"; };
		04915ADB1EE00A9F004D282D /* JXBanTangConst.m */ = {isa = PBXFileReference; fileEncoding = 4; lastKnownFileType = sourcecode.c.objc; path = JXBanTangConst.m; sourceTree = "<group>"; };
		04AC30BC1ED9187800841D63 /* GCDBaseViewController.h */ = {isa = PBXFileReference; fileEncoding = 4; lastKnownFileType = sourcecode.c.h; path = GCDBaseViewController.h; sourceTree = "<group>"; };
		04AC30BD1ED9187800841D63 /* GCDBaseViewController.m */ = {isa = PBXFileReference; fileEncoding = 4; lastKnownFileType = sourcecode.c.objc; path = GCDBaseViewController.m; sourceTree = "<group>"; };
		04AC30C01ED91A7F00841D63 /* MainTabbarVC.h */ = {isa = PBXFileReference; fileEncoding = 4; lastKnownFileType = sourcecode.c.h; path = MainTabbarVC.h; sourceTree = "<group>"; };
		04AC30C11ED91A7F00841D63 /* MainTabbarVC.m */ = {isa = PBXFileReference; fileEncoding = 4; lastKnownFileType = sourcecode.c.objc; path = MainTabbarVC.m; sourceTree = "<group>"; };
		04AC30C41ED91CE300841D63 /* FDTemplateViewController.h */ = {isa = PBXFileReference; fileEncoding = 4; lastKnownFileType = sourcecode.c.h; path = FDTemplateViewController.h; sourceTree = "<group>"; };
		04AC30C51ED91CE300841D63 /* FDTemplateViewController.m */ = {isa = PBXFileReference; fileEncoding = 4; lastKnownFileType = sourcecode.c.objc; path = FDTemplateViewController.m; sourceTree = "<group>"; };
		04AC30C71ED91D3200841D63 /* FDTCell.h */ = {isa = PBXFileReference; fileEncoding = 4; lastKnownFileType = sourcecode.c.h; path = FDTCell.h; sourceTree = "<group>"; };
		04AC30C81ED91D3200841D63 /* FDTCell.m */ = {isa = PBXFileReference; fileEncoding = 4; lastKnownFileType = sourcecode.c.objc; path = FDTCell.m; sourceTree = "<group>"; };
		04AC30C91ED91D3200841D63 /* FDTCell.xib */ = {isa = PBXFileReference; fileEncoding = 4; lastKnownFileType = file.xib; path = FDTCell.xib; sourceTree = "<group>"; };
		04AC30CC1ED91D7000841D63 /* FDTMasoryCell.h */ = {isa = PBXFileReference; fileEncoding = 4; lastKnownFileType = sourcecode.c.h; path = FDTMasoryCell.h; sourceTree = "<group>"; };
		04AC30CD1ED91D7000841D63 /* FDTMasoryCell.m */ = {isa = PBXFileReference; fileEncoding = 4; lastKnownFileType = sourcecode.c.objc; path = FDTMasoryCell.m; sourceTree = "<group>"; };
		04AC30CE1ED91D7000841D63 /* FDTModel.h */ = {isa = PBXFileReference; fileEncoding = 4; lastKnownFileType = sourcecode.c.h; path = FDTModel.h; sourceTree = "<group>"; };
		04AC30CF1ED91D7000841D63 /* FDTModel.m */ = {isa = PBXFileReference; fileEncoding = 4; lastKnownFileType = sourcecode.c.objc; path = FDTModel.m; sourceTree = "<group>"; };
		04AC30D31ED922F600841D63 /* NSThreadViewController.h */ = {isa = PBXFileReference; fileEncoding = 4; lastKnownFileType = sourcecode.c.h; path = NSThreadViewController.h; sourceTree = "<group>"; };
		04AC30D41ED922F600841D63 /* NSThreadViewController.m */ = {isa = PBXFileReference; fileEncoding = 4; lastKnownFileType = sourcecode.c.objc; path = NSThreadViewController.m; sourceTree = "<group>"; };
		04AC30D71ED923DE00841D63 /* TestAVPlayerViewController.h */ = {isa = PBXFileReference; fileEncoding = 4; lastKnownFileType = sourcecode.c.h; path = TestAVPlayerViewController.h; sourceTree = "<group>"; };
		04AC30D81ED923DE00841D63 /* TestAVPlayerViewController.m */ = {isa = PBXFileReference; fileEncoding = 4; lastKnownFileType = sourcecode.c.objc; path = TestAVPlayerViewController.m; sourceTree = "<group>"; };
		04AC30D91ED923DE00841D63 /* TestAVPlayerViewController.xib */ = {isa = PBXFileReference; fileEncoding = 4; lastKnownFileType = file.xib; path = TestAVPlayerViewController.xib; sourceTree = "<group>"; };
		04AC30DA1ED923DE00841D63 /* TestZFPlayerViewController.h */ = {isa = PBXFileReference; fileEncoding = 4; lastKnownFileType = sourcecode.c.h; path = TestZFPlayerViewController.h; sourceTree = "<group>"; };
		04AC30DB1ED923DE00841D63 /* TestZFPlayerViewController.m */ = {isa = PBXFileReference; fileEncoding = 4; lastKnownFileType = sourcecode.c.objc; path = TestZFPlayerViewController.m; sourceTree = "<group>"; };
		04AC30DF1ED92A1200841D63 /* 智能拼图.mov */ = {isa = PBXFileReference; lastKnownFileType = video.quicktime; path = "智能拼图.mov"; sourceTree = "<group>"; };
		04AC30E21ED92B9C00841D63 /* ExampleApp.html */ = {isa = PBXFileReference; fileEncoding = 4; lastKnownFileType = text.html; path = ExampleApp.html; sourceTree = "<group>"; };
		04AC30E31ED92B9C00841D63 /* JSBridgeVC.h */ = {isa = PBXFileReference; fileEncoding = 4; lastKnownFileType = sourcecode.c.h; path = JSBridgeVC.h; sourceTree = "<group>"; };
		04AC30E41ED92B9C00841D63 /* JSBridgeVC.m */ = {isa = PBXFileReference; fileEncoding = 4; lastKnownFileType = sourcecode.c.objc; path = JSBridgeVC.m; sourceTree = "<group>"; };
		04AC30E81ED92D2C00841D63 /* PicEditViewController.h */ = {isa = PBXFileReference; fileEncoding = 4; lastKnownFileType = sourcecode.c.h; path = PicEditViewController.h; sourceTree = "<group>"; };
		04AC30E91ED92D2C00841D63 /* PicEditViewController.m */ = {isa = PBXFileReference; fileEncoding = 4; lastKnownFileType = sourcecode.c.objc; path = PicEditViewController.m; sourceTree = "<group>"; };
		04BE3FDC1ED13CE600459B2E /* JXPOISearchViewController.h */ = {isa = PBXFileReference; fileEncoding = 4; lastKnownFileType = sourcecode.c.h; name = JXPOISearchViewController.h; path = ../JXPOISearchViewController.h; sourceTree = "<group>"; };
		04BE3FDD1ED13CE600459B2E /* JXPOISearchViewController.m */ = {isa = PBXFileReference; fileEncoding = 4; lastKnownFileType = sourcecode.c.objc; name = JXPOISearchViewController.m; path = ../JXPOISearchViewController.m; sourceTree = "<group>"; };
		04BE3FE01ED1453400459B2E /* JXPlaceAroundTableView.h */ = {isa = PBXFileReference; fileEncoding = 4; lastKnownFileType = sourcecode.c.h; path = JXPlaceAroundTableView.h; sourceTree = "<group>"; };
		04BE3FE11ED1453400459B2E /* JXPlaceAroundTableView.m */ = {isa = PBXFileReference; fileEncoding = 4; lastKnownFileType = sourcecode.c.objc; path = JXPlaceAroundTableView.m; sourceTree = "<group>"; };
		04BE3FE31ED17F5B00459B2E /* GlobalDefine.h */ = {isa = PBXFileReference; lastKnownFileType = sourcecode.c.h; path = GlobalDefine.h; sourceTree = "<group>"; };
		04BE3FE51ED1840000459B2E /* JXActivitySearchResultViewController.h */ = {isa = PBXFileReference; fileEncoding = 4; lastKnownFileType = sourcecode.c.h; path = JXActivitySearchResultViewController.h; sourceTree = "<group>"; };
		04BE3FE61ED1840000459B2E /* JXActivitySearchResultViewController.m */ = {isa = PBXFileReference; fileEncoding = 4; lastKnownFileType = sourcecode.c.objc; path = JXActivitySearchResultViewController.m; sourceTree = "<group>"; };
		04BE3FE71ED1840000459B2E /* JXActivitySearchViewController.h */ = {isa = PBXFileReference; fileEncoding = 4; lastKnownFileType = sourcecode.c.h; path = JXActivitySearchViewController.h; sourceTree = "<group>"; };
		04BE3FE81ED1840000459B2E /* JXActivitySearchViewController.m */ = {isa = PBXFileReference; fileEncoding = 4; lastKnownFileType = sourcecode.c.objc; path = JXActivitySearchViewController.m; sourceTree = "<group>"; };
		04D842091EC694CB00E14F48 /* JXPlaygroundDemo.app */ = {isa = PBXFileReference; explicitFileType = wrapper.application; includeInIndex = 0; path = JXPlaygroundDemo.app; sourceTree = BUILT_PRODUCTS_DIR; };
		04D8420D1EC694CB00E14F48 /* main.m */ = {isa = PBXFileReference; lastKnownFileType = sourcecode.c.objc; path = main.m; sourceTree = "<group>"; };
		04D8420F1EC694CB00E14F48 /* AppDelegate.h */ = {isa = PBXFileReference; lastKnownFileType = sourcecode.c.h; path = AppDelegate.h; sourceTree = "<group>"; };
		04D842101EC694CB00E14F48 /* AppDelegate.m */ = {isa = PBXFileReference; lastKnownFileType = sourcecode.c.objc; path = AppDelegate.m; sourceTree = "<group>"; };
		04D842121EC694CB00E14F48 /* ViewController.h */ = {isa = PBXFileReference; lastKnownFileType = sourcecode.c.h; path = ViewController.h; sourceTree = "<group>"; };
		04D842131EC694CB00E14F48 /* ViewController.m */ = {isa = PBXFileReference; lastKnownFileType = sourcecode.c.objc; path = ViewController.m; sourceTree = "<group>"; };
		04D842161EC694CB00E14F48 /* Base */ = {isa = PBXFileReference; lastKnownFileType = file.storyboard; name = Base; path = Base.lproj/Main.storyboard; sourceTree = "<group>"; };
		04D842181EC694CB00E14F48 /* Assets.xcassets */ = {isa = PBXFileReference; lastKnownFileType = folder.assetcatalog; path = Assets.xcassets; sourceTree = "<group>"; };
		04D8421B1EC694CB00E14F48 /* Base */ = {isa = PBXFileReference; lastKnownFileType = file.storyboard; name = Base; path = Base.lproj/LaunchScreen.storyboard; sourceTree = "<group>"; };
		04D8421D1EC694CB00E14F48 /* Info.plist */ = {isa = PBXFileReference; lastKnownFileType = text.plist.xml; path = Info.plist; sourceTree = "<group>"; };
		04D842241EC6953E00E14F48 /* JXPlaygroundDemo.pch */ = {isa = PBXFileReference; lastKnownFileType = sourcecode.c.h; path = JXPlaygroundDemo.pch; sourceTree = "<group>"; };
		04D842251EC695A600E14F48 /* JXCaculatorMaker.h */ = {isa = PBXFileReference; fileEncoding = 4; lastKnownFileType = sourcecode.c.h; path = JXCaculatorMaker.h; sourceTree = "<group>"; };
		04D842261EC695A600E14F48 /* JXCaculatorMaker.m */ = {isa = PBXFileReference; fileEncoding = 4; lastKnownFileType = sourcecode.c.objc; path = JXCaculatorMaker.m; sourceTree = "<group>"; };
		04D842271EC695A600E14F48 /* NSObject+caculator.h */ = {isa = PBXFileReference; fileEncoding = 4; lastKnownFileType = sourcecode.c.h; path = "NSObject+caculator.h"; sourceTree = "<group>"; };
		04D842281EC695A600E14F48 /* NSObject+caculator.m */ = {isa = PBXFileReference; fileEncoding = 4; lastKnownFileType = sourcecode.c.objc; path = "NSObject+caculator.m"; sourceTree = "<group>"; };
		04D8422B1EC696D300E14F48 /* JXCaculator.h */ = {isa = PBXFileReference; fileEncoding = 4; lastKnownFileType = sourcecode.c.h; path = JXCaculator.h; sourceTree = "<group>"; };
		04D8422C1EC696D300E14F48 /* JXCaculator.m */ = {isa = PBXFileReference; fileEncoding = 4; lastKnownFileType = sourcecode.c.objc; path = JXCaculator.m; sourceTree = "<group>"; };
		04F2AE081EE55D850038C33C /* guide0.mp4 */ = {isa = PBXFileReference; lastKnownFileType = file; path = guide0.mp4; sourceTree = "<group>"; };
		04F2AE091EE55D850038C33C /* guide1.mp4 */ = {isa = PBXFileReference; lastKnownFileType = file; path = guide1.mp4; sourceTree = "<group>"; };
		04F2AE0A1EE55D850038C33C /* guide2.mp4 */ = {isa = PBXFileReference; lastKnownFileType = file; path = guide2.mp4; sourceTree = "<group>"; };
		04F2AE0B1EE55D850038C33C /* guide3.mp4 */ = {isa = PBXFileReference; lastKnownFileType = file; path = guide3.mp4; sourceTree = "<group>"; };
		04F2AE111EE55DA70038C33C /* NewFeatureViewController.h */ = {isa = PBXFileReference; fileEncoding = 4; lastKnownFileType = sourcecode.c.h; path = NewFeatureViewController.h; sourceTree = "<group>"; };
		04F2AE121EE55DA70038C33C /* NewFeatureViewController.m */ = {isa = PBXFileReference; fileEncoding = 4; lastKnownFileType = sourcecode.c.objc; path = NewFeatureViewController.m; sourceTree = "<group>"; };
		04F2AE141EE55DA70038C33C /* ALinFlowLayout.h */ = {isa = PBXFileReference; fileEncoding = 4; lastKnownFileType = sourcecode.c.h; path = ALinFlowLayout.h; sourceTree = "<group>"; };
		04F2AE151EE55DA70038C33C /* ALinFlowLayout.m */ = {isa = PBXFileReference; fileEncoding = 4; lastKnownFileType = sourcecode.c.objc; path = ALinFlowLayout.m; sourceTree = "<group>"; };
		04F2AE171EE55DA70038C33C /* NewFeatureCell.h */ = {isa = PBXFileReference; fileEncoding = 4; lastKnownFileType = sourcecode.c.h; path = NewFeatureCell.h; sourceTree = "<group>"; };
		04F2AE181EE55DA70038C33C /* NewFeatureCell.m */ = {isa = PBXFileReference; fileEncoding = 4; lastKnownFileType = sourcecode.c.objc; path = NewFeatureCell.m; sourceTree = "<group>"; };
		A1AA9AA015A97876188DB6F7 /* Pods-JXPlaygroundDemo.release.xcconfig */ = {isa = PBXFileReference; includeInIndex = 1; lastKnownFileType = text.xcconfig; name = "Pods-JXPlaygroundDemo.release.xcconfig"; path = "Pods/Target Support Files/Pods-JXPlaygroundDemo/Pods-JXPlaygroundDemo.release.xcconfig"; sourceTree = "<group>"; };
		B75B6EC66D133C689B1C3C00 /* Pods-JXPlaygroundDemo.debug.xcconfig */ = {isa = PBXFileReference; includeInIndex = 1; lastKnownFileType = text.xcconfig; name = "Pods-JXPlaygroundDemo.debug.xcconfig"; path = "Pods/Target Support Files/Pods-JXPlaygroundDemo/Pods-JXPlaygroundDemo.debug.xcconfig"; sourceTree = "<group>"; };
		FA20446F825B822478A3143C /* libPods-JXPlaygroundDemo.a */ = {isa = PBXFileReference; explicitFileType = archive.ar; includeInIndex = 0; path = "libPods-JXPlaygroundDemo.a"; sourceTree = BUILT_PRODUCTS_DIR; };
/* End PBXFileReference section */

/* Begin PBXFrameworksBuildPhase section */
		04D842061EC694CB00E14F48 /* Frameworks */ = {
			isa = PBXFrameworksBuildPhase;
			buildActionMask = 2147483647;
			files = (
				A0361796ACFAA845B80205C4 /* libPods-JXPlaygroundDemo.a in Frameworks */,
			);
			runOnlyForDeploymentPostprocessing = 0;
		};
/* End PBXFrameworksBuildPhase section */

/* Begin PBXGroup section */
		0460526C1ECFCC4300745224 /* ReactiveCocoa练习 */ = {
			isa = PBXGroup;
			children = (
				046052731ECFD7D000745224 /* 搜索 */,
				046052741ECFD7D000745224 /* block嵌套 */,
				0460526D1ECFCDBE00745224 /* ReactiveCocoaViewController.h */,
				0460526E1ECFCDBE00745224 /* ReactiveCocoaViewController.m */,
				046052701ECFD09100745224 /* FlagItem.h */,
				046052711ECFD09100745224 /* FlagItem.m */,
			);
			path = "ReactiveCocoa练习";
			sourceTree = "<group>";
		};
		046052731ECFD7D000745224 /* 搜索 */ = {
			isa = PBXGroup;
			children = (
				046052751ECFD7ED00745224 /* ReativeSearchViewController.h */,
				046052761ECFD7ED00745224 /* ReativeSearchViewController.m */,
			);
			path = "搜索";
			sourceTree = "<group>";
		};
		046052741ECFD7D000745224 /* block嵌套 */ = {
			isa = PBXGroup;
			children = (
				046052781ECFDE4800745224 /* ReactiveCocoaBlockViewController.h */,
				046052791ECFDE4800745224 /* ReactiveCocoaBlockViewController.m */,
			);
			path = "block嵌套";
			sourceTree = "<group>";
		};
		0460B8D21EDFC5D600C00DA5 /* 仿半塘首页效果 */ = {
			isa = PBXGroup;
			children = (
				0460B8E61EDFC90600C00DA5 /* Data */,
				0460B8E11EDFC8A100C00DA5 /* Model */,
				0460B8E21EDFC8A100C00DA5 /* View */,
				0460B8D31EDFC60300C00DA5 /* JXBanTangViewController.h */,
				0460B8D41EDFC60300C00DA5 /* JXBanTangViewController.m */,
				044433A01EDFEEDB00C8E7C4 /* JXBanTangTableViewController.h */,
				044433A11EDFEEDB00C8E7C4 /* JXBanTangTableViewController.m */,
				04915ADA1EE00A9F004D282D /* JXBanTangConst.h */,
				04915ADB1EE00A9F004D282D /* JXBanTangConst.m */,
			);
			path = "仿半塘首页效果";
			sourceTree = "<group>";
		};
		0460B8D61EDFC6A200C00DA5 /* Resource */ = {
			isa = PBXGroup;
			children = (
				0460B8D71EDFC6C900C00DA5 /* Extension */,
			);
			path = Resource;
			sourceTree = "<group>";
		};
		0460B8D71EDFC6C900C00DA5 /* Extension */ = {
			isa = PBXGroup;
			children = (
				046BFB9D1EE4F4B2009358B5 /* NSArray+log.h */,
				046BFB9E1EE4F4B2009358B5 /* NSArray+log.m */,
				046BFB9F1EE4F4B2009358B5 /* NSDictionary+log.h */,
				046BFBA01EE4F4B2009358B5 /* NSDictionary+log.m */,
				0460B8D81EDFC6C900C00DA5 /* UIButton+Size.h */,
				0460B8D91EDFC6C900C00DA5 /* UIButton+Size.m */,
				0460B8DA1EDFC6C900C00DA5 /* UIImage+JQImage.h */,
				0460B8DB1EDFC6C900C00DA5 /* UIImage+JQImage.m */,
				0460B8DC1EDFC6C900C00DA5 /* UIView+Extension.h */,
				0460B8DD1EDFC6C900C00DA5 /* UIView+Extension.m */,
			);
			path = Extension;
			sourceTree = "<group>";
		};
		0460B8E11EDFC8A100C00DA5 /* Model */ = {
			isa = PBXGroup;
			children = (
				04915AD61EDFF121004D282D /* JXBTHomeRecomandModel.h */,
				04915AD71EDFF121004D282D /* JXBTHomeRecomandModel.m */,
			);
			path = Model;
			sourceTree = "<group>";
		};
		0460B8E21EDFC8A100C00DA5 /* View */ = {
			isa = PBXGroup;
			children = (
				0460B8E31EDFC8D000C00DA5 /* JXBanTangHeaderView.h */,
				0460B8E41EDFC8D000C00DA5 /* JXBanTangHeaderView.m */,
				0444339D1EDFEC5600C8E7C4 /* JXBanTangRefreshHeader.h */,
				0444339E1EDFEC5600C8E7C4 /* JXBanTangRefreshHeader.m */,
				044433A31EDFEF7600C8E7C4 /* JXBTHomeTableViewCell.h */,
				044433A41EDFEF7600C8E7C4 /* JXBTHomeTableViewCell.m */,
			);
			path = View;
			sourceTree = "<group>";
		};
		0460B8E61EDFC90600C00DA5 /* Data */ = {
			isa = PBXGroup;
			children = (
				0460B8E91EDFC93100C00DA5 /* images */,
				0460B8E71EDFC90E00C00DA5 /* index.json */,
			);
			path = Data;
			sourceTree = "<group>";
		};
		0460B8E91EDFC93100C00DA5 /* images */ = {
			isa = PBXGroup;
			children = (
				0460B95B1EDFC96000C00DA5 /* Cycle */,
				0460B9071EDFC95200C00DA5 /* Recmand */,
				0460B91C1EDFC95200C00DA5 /* Refresh */,
				0460B8EA1EDFC93A00C00DA5 /* banTangImage */,
			);
			path = images;
			sourceTree = "<group>";
		};
		0460B8EA1EDFC93A00C00DA5 /* banTangImage */ = {
			isa = PBXGroup;
			children = (
				0460B8EB1EDFC93A00C00DA5 /* home_email_black.png */,
				0460B8EC1EDFC93A00C00DA5 /* home_email_red.png */,
				0460B8ED1EDFC93A00C00DA5 /* home_emared.png */,
				0460B8EE1EDFC93A00C00DA5 /* home_like.png */,
				0460B8EF1EDFC93A00C00DA5 /* home_search_icon.png */,
				0460B8F01EDFC93A00C00DA5 /* home_watch.png */,
				0460B8F11EDFC93A00C00DA5 /* nar_bgbg.png */,
				0460B8F21EDFC93A00C00DA5 /* tab_bar_bg.png */,
				0460B8F31EDFC93A00C00DA5 /* tab_publish_add.png */,
				0460B8F41EDFC93A00C00DA5 /* tab_publish_add_pressed.png */,
				0460B8F51EDFC93A00C00DA5 /* tab_我的.png */,
				0460B8F61EDFC93A00C00DA5 /* tab_我的_pressed.png */,
				0460B8F71EDFC93A00C00DA5 /* tab_首页.png */,
				0460B8F81EDFC93A00C00DA5 /* tab_首页_pressed.png */,
			);
			path = banTangImage;
			sourceTree = "<group>";
		};
		0460B9071EDFC95200C00DA5 /* Recmand */ = {
			isa = PBXGroup;
			children = (
				0460B9081EDFC95200C00DA5 /* recomand_01.jpg */,
				0460B9091EDFC95200C00DA5 /* recomand_02.jpg */,
				0460B90A1EDFC95200C00DA5 /* recomand_03.jpg */,
				0460B90B1EDFC95200C00DA5 /* recomand_04.jpg */,
				0460B90C1EDFC95200C00DA5 /* recomand_05.jpg */,
				0460B90D1EDFC95200C00DA5 /* recomand_06.jpg */,
				0460B90E1EDFC95200C00DA5 /* recomand_07.jpg */,
				0460B90F1EDFC95200C00DA5 /* recomand_08.jpg */,
				0460B9101EDFC95200C00DA5 /* recomand_09.jpg */,
				0460B9111EDFC95200C00DA5 /* recomand_10.jpg */,
				0460B9121EDFC95200C00DA5 /* recomand_11.jpg */,
				0460B9131EDFC95200C00DA5 /* recomand_12.jpg */,
				0460B9141EDFC95200C00DA5 /* recomand_13.jpg */,
				0460B9151EDFC95200C00DA5 /* recomand_14.jpg */,
				0460B9161EDFC95200C00DA5 /* recomand_15.jpg */,
				0460B9171EDFC95200C00DA5 /* recomand_16.jpg */,
				0460B9181EDFC95200C00DA5 /* recomand_17.jpg */,
				0460B9191EDFC95200C00DA5 /* recomand_18.jpg */,
				0460B91A1EDFC95200C00DA5 /* recomand_19.jpg */,
				0460B91B1EDFC95200C00DA5 /* recomand_20.jpg */,
			);
			path = Recmand;
			sourceTree = "<group>";
		};
		0460B91C1EDFC95200C00DA5 /* Refresh */ = {
			isa = PBXGroup;
			children = (
				0460B91D1EDFC95200C00DA5 /* header01@2x.jpg */,
				0460B91E1EDFC95200C00DA5 /* header02@2x.jpg */,
				0460B91F1EDFC95200C00DA5 /* header03@2x.jpg */,
				0460B9201EDFC95200C00DA5 /* header04@2x.jpg */,
				0460B9211EDFC95200C00DA5 /* header05@2x.jpg */,
				0460B9221EDFC95200C00DA5 /* header06@2x.jpg */,
				0460B9231EDFC95200C00DA5 /* header07@2x.jpg */,
				0460B9241EDFC95200C00DA5 /* header08@2x.jpg */,
				0460B9251EDFC95200C00DA5 /* header09@2x.jpg */,
				0460B9261EDFC95200C00DA5 /* header10@2x.jpg */,
				0460B9271EDFC95200C00DA5 /* refresh00.png */,
				0460B9281EDFC95200C00DA5 /* refresh01.png */,
				0460B9291EDFC95200C00DA5 /* refresh02.png */,
				0460B92A1EDFC95200C00DA5 /* refresh03.png */,
				0460B92B1EDFC95200C00DA5 /* refresh04.png */,
				0460B92C1EDFC95200C00DA5 /* refresh05.png */,
				0460B92D1EDFC95200C00DA5 /* refresh06.png */,
				0460B92E1EDFC95200C00DA5 /* refresh07.png */,
				0460B92F1EDFC95200C00DA5 /* refresh08.png */,
				0460B9301EDFC95200C00DA5 /* refresh09.png */,
				0460B9311EDFC95200C00DA5 /* refresh10.png */,
			);
			path = Refresh;
			sourceTree = "<group>";
		};
		0460B95B1EDFC96000C00DA5 /* Cycle */ = {
			isa = PBXGroup;
			children = (
				0460B95C1EDFC96000C00DA5 /* cycle_01.jpg */,
				0460B95D1EDFC96000C00DA5 /* cycle_02.jpg */,
				0460B95E1EDFC96000C00DA5 /* cycle_03.jpg */,
				0460B95F1EDFC96000C00DA5 /* cycle_04.jpg */,
				0460B9601EDFC96000C00DA5 /* cycle_05.jpg */,
				0460B9611EDFC96000C00DA5 /* cycle_06.jpg */,
				0460B9621EDFC96000C00DA5 /* cycle_07.jpg */,
				0460B9631EDFC96000C00DA5 /* cycle_08.jpg */,
			);
			path = Cycle;
			sourceTree = "<group>";
		};
		046BFB991EE4EEA6009358B5 /* 本地推送 */ = {
			isa = PBXGroup;
			children = (
				046BFBA51EE500EF009358B5 /* flv视频测试用例1.mp4 */,
				046BFBA61EE500EF009358B5 /* image01.jpg */,
				046BFBA71EE500EF009358B5 /* test1.gif */,
				046BFBA31EE4FD34009358B5 /* icon_certification_status1@2x.png */,
				046BFB9A1EE4EF1D009358B5 /* NotificationViewController.h */,
				046BFB9B1EE4EF1D009358B5 /* NotificationViewController.m */,
				043E83081EE50B9800854151 /* JXNotificationViewController.h */,
				043E83091EE50B9800854151 /* JXNotificationViewController.m */,
				046BFBAB1EE5032B009358B5 /* UNNotificationServiceExtension */,
			);
			path = "本地推送";
			sourceTree = "<group>";
		};
		046BFBAB1EE5032B009358B5 /* UNNotificationServiceExtension */ = {
			isa = PBXGroup;
			children = (
				046BFBAF1EE5034B009358B5 /* NotificationViewController2.h */,
				046BFBB01EE5034B009358B5 /* NotificationViewController2.m */,
				046BFBAC1EE5033E009358B5 /* NotificationService.h */,
				046BFBAD1EE5033E009358B5 /* NotificationService.m */,
			);
			path = UNNotificationServiceExtension;
			sourceTree = "<group>";
		};
		048DCA011ED1258D0037DFE0 /* Map(地图） */ = {
			isa = PBXGroup;
			children = (
				048DCA021ED1258D0037DFE0 /* 百度地图 */,
				048DCA031ED1258D0037DFE0 /* 高德地图 */,
			);
			name = "Map(地图）";
			path = "Map(地图";
			sourceTree = "<group>";
		};
		048DCA021ED1258D0037DFE0 /* 百度地图 */ = {
			isa = PBXGroup;
			children = (
			);
			path = "百度地图";
			sourceTree = "<group>";
		};
		048DCA031ED1258D0037DFE0 /* 高德地图 */ = {
			isa = PBXGroup;
			children = (
				04BE3FDF1ED1451F00459B2E /* POI */,
				048DCA071ED132710037DFE0 /* View */,
				048DCA041ED126910037DFE0 /* JXAMapViewController.h */,
				048DCA051ED126910037DFE0 /* JXAMapViewController.m */,
				048DCA0E1ED134A10037DFE0 /* JXCustomAnnotationViewController.h */,
				048DCA0F1ED134A10037DFE0 /* JXCustomAnnotationViewController.m */,
			);
			path = "高德地图";
			sourceTree = "<group>";
		};
		048DCA071ED132710037DFE0 /* View */ = {
			isa = PBXGroup;
			children = (
				048DCA081ED1327E0037DFE0 /* JXCustomCalloutView.h */,
				048DCA091ED1327E0037DFE0 /* JXCustomCalloutView.m */,
				048DCA0B1ED133F60037DFE0 /* JXCustomAnnotationView.h */,
				048DCA0C1ED133F60037DFE0 /* JXCustomAnnotationView.m */,
			);
			path = View;
			sourceTree = "<group>";
		};
		04AC30BB1ED9185C00841D63 /* GCD基础篇 */ = {
			isa = PBXGroup;
			children = (
				04AC30BC1ED9187800841D63 /* GCDBaseViewController.h */,
				04AC30BD1ED9187800841D63 /* GCDBaseViewController.m */,
			);
			path = "GCD基础篇";
			sourceTree = "<group>";
		};
		04AC30BF1ED91A6400841D63 /* Tabbar点击动画 */ = {
			isa = PBXGroup;
			children = (
				04AC30C01ED91A7F00841D63 /* MainTabbarVC.h */,
				04AC30C11ED91A7F00841D63 /* MainTabbarVC.m */,
			);
			path = "Tabbar点击动画";
			sourceTree = "<group>";
		};
		04AC30C31ED91CC000841D63 /* FDTemplateLayoutCell测试 */ = {
			isa = PBXGroup;
			children = (
				04AC30C41ED91CE300841D63 /* FDTemplateViewController.h */,
				04AC30C51ED91CE300841D63 /* FDTemplateViewController.m */,
				04AC30C71ED91D3200841D63 /* FDTCell.h */,
				04AC30C81ED91D3200841D63 /* FDTCell.m */,
				04AC30C91ED91D3200841D63 /* FDTCell.xib */,
				04AC30CC1ED91D7000841D63 /* FDTMasoryCell.h */,
				04AC30CD1ED91D7000841D63 /* FDTMasoryCell.m */,
				04AC30CE1ED91D7000841D63 /* FDTModel.h */,
				04AC30CF1ED91D7000841D63 /* FDTModel.m */,
			);
			path = "FDTemplateLayoutCell测试";
			sourceTree = "<group>";
		};
		04AC30D21ED922EB00841D63 /* NSThread */ = {
			isa = PBXGroup;
			children = (
				04AC30D31ED922F600841D63 /* NSThreadViewController.h */,
				04AC30D41ED922F600841D63 /* NSThreadViewController.m */,
			);
			path = NSThread;
			sourceTree = "<group>";
		};
		04AC30D61ED923CF00841D63 /* AVPlayer视频播放ZFPlayer */ = {
			isa = PBXGroup;
			children = (
				04AC30D71ED923DE00841D63 /* TestAVPlayerViewController.h */,
				04AC30D81ED923DE00841D63 /* TestAVPlayerViewController.m */,
				04AC30D91ED923DE00841D63 /* TestAVPlayerViewController.xib */,
				04AC30DA1ED923DE00841D63 /* TestZFPlayerViewController.h */,
				04AC30DB1ED923DE00841D63 /* TestZFPlayerViewController.m */,
			);
			name = "AVPlayer视频播放ZFPlayer";
			path = AVPlayer;
			sourceTree = "<group>";
		};
		04AC30E11ED92B8C00841D63 /* WebViewJavascriptBridge测试 */ = {
			isa = PBXGroup;
			children = (
				04AC30E21ED92B9C00841D63 /* ExampleApp.html */,
				04AC30E31ED92B9C00841D63 /* JSBridgeVC.h */,
				04AC30E41ED92B9C00841D63 /* JSBridgeVC.m */,
			);
			path = "WebViewJavascriptBridge测试";
			sourceTree = "<group>";
		};
		04AC30E71ED92D1300841D63 /* 图片添加水印 */ = {
			isa = PBXGroup;
			children = (
				04AC30E81ED92D2C00841D63 /* PicEditViewController.h */,
				04AC30E91ED92D2C00841D63 /* PicEditViewController.m */,
			);
			path = "图片添加水印";
			sourceTree = "<group>";
		};
		04BE3FDF1ED1451F00459B2E /* POI */ = {
			isa = PBXGroup;
			children = (
				04BE3FE41ED1838C00459B2E /* POIStyle2 */,
				04BE3FDC1ED13CE600459B2E /* JXPOISearchViewController.h */,
				04BE3FDD1ED13CE600459B2E /* JXPOISearchViewController.m */,
				04BE3FE01ED1453400459B2E /* JXPlaceAroundTableView.h */,
				04BE3FE11ED1453400459B2E /* JXPlaceAroundTableView.m */,
			);
			path = POI;
			sourceTree = "<group>";
		};
		04BE3FE41ED1838C00459B2E /* POIStyle2 */ = {
			isa = PBXGroup;
			children = (
				04BE3FE51ED1840000459B2E /* JXActivitySearchResultViewController.h */,
				04BE3FE61ED1840000459B2E /* JXActivitySearchResultViewController.m */,
				04BE3FE71ED1840000459B2E /* JXActivitySearchViewController.h */,
				04BE3FE81ED1840000459B2E /* JXActivitySearchViewController.m */,
			);
			path = POIStyle2;
			sourceTree = "<group>";
		};
		04D842001EC694CB00E14F48 = {
			isa = PBXGroup;
			children = (
				04D8420B1EC694CB00E14F48 /* JXPlaygroundDemo */,
				04D8420A1EC694CB00E14F48 /* Products */,
				10A89E0621688F017225F49B /* Pods */,
				AECE77901A97B2CAE8909BAA /* Frameworks */,
			);
			sourceTree = "<group>";
		};
		04D8420A1EC694CB00E14F48 /* Products */ = {
			isa = PBXGroup;
			children = (
				04D842091EC694CB00E14F48 /* JXPlaygroundDemo.app */,
			);
			name = Products;
			sourceTree = "<group>";
		};
		04D8420B1EC694CB00E14F48 /* JXPlaygroundDemo */ = {
			isa = PBXGroup;
			children = (
				04F2AE061EE55D5A0038C33C /* 闲鱼新特性界面-视频动画 */,
				046BFB991EE4EEA6009358B5 /* 本地推送 */,
				0460B8D61EDFC6A200C00DA5 /* Resource */,
				0460B8D21EDFC5D600C00DA5 /* 仿半塘首页效果 */,
				04AC30E71ED92D1300841D63 /* 图片添加水印 */,
				04AC30E11ED92B8C00841D63 /* WebViewJavascriptBridge测试 */,
				04AC30D61ED923CF00841D63 /* AVPlayer视频播放ZFPlayer */,
				04AC30D21ED922EB00841D63 /* NSThread */,
				04AC30C31ED91CC000841D63 /* FDTemplateLayoutCell测试 */,
				04AC30BF1ED91A6400841D63 /* Tabbar点击动画 */,
				04AC30BB1ED9185C00841D63 /* GCD基础篇 */,
				048DCA011ED1258D0037DFE0 /* Map(地图） */,
				0460526C1ECFCC4300745224 /* ReactiveCocoa练习 */,
				04D842231EC6952000E14F48 /* 模仿masonry加法计算器（链式编程） */,
				04D8420F1EC694CB00E14F48 /* AppDelegate.h */,
				04D842101EC694CB00E14F48 /* AppDelegate.m */,
				04D842121EC694CB00E14F48 /* ViewController.h */,
				04D842131EC694CB00E14F48 /* ViewController.m */,
				04D842151EC694CB00E14F48 /* Main.storyboard */,
				04D842181EC694CB00E14F48 /* Assets.xcassets */,
				04D8421A1EC694CB00E14F48 /* LaunchScreen.storyboard */,
				04D8421D1EC694CB00E14F48 /* Info.plist */,
				04D8420C1EC694CB00E14F48 /* Supporting Files */,
			);
			path = JXPlaygroundDemo;
			sourceTree = "<group>";
		};
		04D8420C1EC694CB00E14F48 /* Supporting Files */ = {
			isa = PBXGroup;
			children = (
				04AC30DF1ED92A1200841D63 /* 智能拼图.mov */,
				04D8420D1EC694CB00E14F48 /* main.m */,
				04BE3FE31ED17F5B00459B2E /* GlobalDefine.h */,
				04D842241EC6953E00E14F48 /* JXPlaygroundDemo.pch */,
			);
			name = "Supporting Files";
			sourceTree = "<group>";
		};
		04D842231EC6952000E14F48 /* 模仿masonry加法计算器（链式编程） */ = {
			isa = PBXGroup;
			children = (
				04D842251EC695A600E14F48 /* JXCaculatorMaker.h */,
				04D842261EC695A600E14F48 /* JXCaculatorMaker.m */,
				04D842271EC695A600E14F48 /* NSObject+caculator.h */,
				04D842281EC695A600E14F48 /* NSObject+caculator.m */,
				04D8422B1EC696D300E14F48 /* JXCaculator.h */,
				04D8422C1EC696D300E14F48 /* JXCaculator.m */,
			);
			path = "模仿masonry加法计算器（链式编程）";
			sourceTree = "<group>";
		};
		04F2AE061EE55D5A0038C33C /* 闲鱼新特性界面-视频动画 */ = {
			isa = PBXGroup;
			children = (
				04F2AE101EE55DA70038C33C /* Controller */,
				04F2AE131EE55DA70038C33C /* FlowLayout */,
				04F2AE161EE55DA70038C33C /* View */,
				04F2AE071EE55D850038C33C /* Resource */,
			);
			path = "闲鱼新特性界面-视频动画";
			sourceTree = "<group>";
		};
		04F2AE071EE55D850038C33C /* Resource */ = {
			isa = PBXGroup;
			children = (
				04F2AE081EE55D850038C33C /* guide0.mp4 */,
				04F2AE091EE55D850038C33C /* guide1.mp4 */,
				04F2AE0A1EE55D850038C33C /* guide2.mp4 */,
				04F2AE0B1EE55D850038C33C /* guide3.mp4 */,
			);
			path = Resource;
			sourceTree = "<group>";
		};
		04F2AE101EE55DA70038C33C /* Controller */ = {
			isa = PBXGroup;
			children = (
				04F2AE111EE55DA70038C33C /* NewFeatureViewController.h */,
				04F2AE121EE55DA70038C33C /* NewFeatureViewController.m */,
			);
			path = Controller;
			sourceTree = "<group>";
		};
		04F2AE131EE55DA70038C33C /* FlowLayout */ = {
			isa = PBXGroup;
			children = (
				04F2AE141EE55DA70038C33C /* ALinFlowLayout.h */,
				04F2AE151EE55DA70038C33C /* ALinFlowLayout.m */,
			);
			path = FlowLayout;
			sourceTree = "<group>";
		};
		04F2AE161EE55DA70038C33C /* View */ = {
			isa = PBXGroup;
			children = (
				04F2AE171EE55DA70038C33C /* NewFeatureCell.h */,
				04F2AE181EE55DA70038C33C /* NewFeatureCell.m */,
			);
			path = View;
			sourceTree = "<group>";
		};
		10A89E0621688F017225F49B /* Pods */ = {
			isa = PBXGroup;
			children = (
				B75B6EC66D133C689B1C3C00 /* Pods-JXPlaygroundDemo.debug.xcconfig */,
				A1AA9AA015A97876188DB6F7 /* Pods-JXPlaygroundDemo.release.xcconfig */,
			);
			name = Pods;
			sourceTree = "<group>";
		};
		AECE77901A97B2CAE8909BAA /* Frameworks */ = {
			isa = PBXGroup;
			children = (
				FA20446F825B822478A3143C /* libPods-JXPlaygroundDemo.a */,
			);
			name = Frameworks;
			sourceTree = "<group>";
		};
/* End PBXGroup section */

/* Begin PBXNativeTarget section */
		04D842081EC694CB00E14F48 /* JXPlaygroundDemo */ = {
			isa = PBXNativeTarget;
			buildConfigurationList = 04D842201EC694CB00E14F48 /* Build configuration list for PBXNativeTarget "JXPlaygroundDemo" */;
			buildPhases = (
				16F9B89F5A6E2E6CFCA7BD23 /* [CP] Check Pods Manifest.lock */,
				04D842051EC694CB00E14F48 /* Sources */,
				04D842061EC694CB00E14F48 /* Frameworks */,
				04D842071EC694CB00E14F48 /* Resources */,
				0F57A6B6881741523DAD4A48 /* [CP] Embed Pods Frameworks */,
				E12616A9D8BD9AF05C87BED9 /* [CP] Copy Pods Resources */,
			);
			buildRules = (
			);
			dependencies = (
			);
			name = JXPlaygroundDemo;
			productName = JXPlaygroundDemo;
			productReference = 04D842091EC694CB00E14F48 /* JXPlaygroundDemo.app */;
			productType = "com.apple.product-type.application";
		};
/* End PBXNativeTarget section */

/* Begin PBXProject section */
		04D842011EC694CB00E14F48 /* Project object */ = {
			isa = PBXProject;
			attributes = {
				LastUpgradeCheck = 0820;
				ORGANIZATIONNAME = Mr.Gao;
				TargetAttributes = {
					04D842081EC694CB00E14F48 = {
						CreatedOnToolsVersion = 8.2.1;
						DevelopmentTeam = 7TM5A6A2L6;
						ProvisioningStyle = Automatic;
					};
				};
			};
			buildConfigurationList = 04D842041EC694CB00E14F48 /* Build configuration list for PBXProject "JXPlaygroundDemo" */;
			compatibilityVersion = "Xcode 3.2";
			developmentRegion = English;
			hasScannedForEncodings = 0;
			knownRegions = (
				en,
				Base,
			);
			mainGroup = 04D842001EC694CB00E14F48;
			productRefGroup = 04D8420A1EC694CB00E14F48 /* Products */;
			projectDirPath = "";
			projectRoot = "";
			targets = (
				04D842081EC694CB00E14F48 /* JXPlaygroundDemo */,
			);
		};
/* End PBXProject section */

/* Begin PBXResourcesBuildPhase section */
		04D842071EC694CB00E14F48 /* Resources */ = {
			isa = PBXResourcesBuildPhase;
			buildActionMask = 2147483647;
			files = (
				0460B9521EDFC95200C00DA5 /* refresh02.png in Resources */,
				0460B9381EDFC95200C00DA5 /* recomand_07.jpg in Resources */,
				0460B9351EDFC95200C00DA5 /* recomand_04.jpg in Resources */,
				0460B94F1EDFC95200C00DA5 /* header10@2x.jpg in Resources */,
				04D8421C1EC694CB00E14F48 /* LaunchScreen.storyboard in Resources */,
				0460B8FF1EDFC93A00C00DA5 /* nar_bgbg.png in Resources */,
				04AC30DD1ED923DE00841D63 /* TestAVPlayerViewController.xib in Resources */,
				0460B8E81EDFC90E00C00DA5 /* index.json in Resources */,
				0460B9001EDFC93A00C00DA5 /* tab_bar_bg.png in Resources */,
				0460B93B1EDFC95200C00DA5 /* recomand_10.jpg in Resources */,
				0460B9531EDFC95200C00DA5 /* refresh03.png in Resources */,
				0460B9641EDFC96000C00DA5 /* cycle_01.jpg in Resources */,
				046BFBA81EE500EF009358B5 /* flv视频测试用例1.mp4 in Resources */,
				0460B9671EDFC96000C00DA5 /* cycle_04.jpg in Resources */,
				0460B9541EDFC95200C00DA5 /* refresh04.png in Resources */,
				04F2AE0E1EE55D850038C33C /* guide2.mp4 in Resources */,
				0460B9041EDFC93A00C00DA5 /* tab_我的_pressed.png in Resources */,
				0460B9391EDFC95200C00DA5 /* recomand_08.jpg in Resources */,
				0460B9591EDFC95200C00DA5 /* refresh09.png in Resources */,
				04D842191EC694CB00E14F48 /* Assets.xcassets in Resources */,
				046BFBA41EE4FD34009358B5 /* icon_certification_status1@2x.png in Resources */,
				0460B9481EDFC95200C00DA5 /* header03@2x.jpg in Resources */,
				0460B93F1EDFC95200C00DA5 /* recomand_14.jpg in Resources */,
				0460B96B1EDFC96000C00DA5 /* cycle_08.jpg in Resources */,
				0460B93E1EDFC95200C00DA5 /* recomand_13.jpg in Resources */,
				0460B93D1EDFC95200C00DA5 /* recomand_12.jpg in Resources */,
				0460B9651EDFC96000C00DA5 /* cycle_02.jpg in Resources */,
				04AC30E01ED92A1200841D63 /* 智能拼图.mov in Resources */,
				0460B9471EDFC95200C00DA5 /* header02@2x.jpg in Resources */,
				0460B9331EDFC95200C00DA5 /* recomand_02.jpg in Resources */,
				0460B8FA1EDFC93A00C00DA5 /* home_email_red.png in Resources */,
				04F2AE0D1EE55D850038C33C /* guide1.mp4 in Resources */,
				046BFBA91EE500EF009358B5 /* image01.jpg in Resources */,
				0460B9361EDFC95200C00DA5 /* recomand_05.jpg in Resources */,
				0460B8FD1EDFC93A00C00DA5 /* home_search_icon.png in Resources */,
				04AC30CB1ED91D3200841D63 /* FDTCell.xib in Resources */,
				04D842171EC694CB00E14F48 /* Main.storyboard in Resources */,
				0460B96A1EDFC96000C00DA5 /* cycle_07.jpg in Resources */,
				0460B94B1EDFC95200C00DA5 /* header06@2x.jpg in Resources */,
				0460B9051EDFC93A00C00DA5 /* tab_首页.png in Resources */,
				0460B8FB1EDFC93A00C00DA5 /* home_emared.png in Resources */,
				0460B9461EDFC95200C00DA5 /* header01@2x.jpg in Resources */,
				0460B95A1EDFC95200C00DA5 /* refresh10.png in Resources */,
				0460B9021EDFC93A00C00DA5 /* tab_publish_add_pressed.png in Resources */,
				0460B9551EDFC95200C00DA5 /* refresh05.png in Resources */,
				0460B94C1EDFC95200C00DA5 /* header07@2x.jpg in Resources */,
				0460B9681EDFC96000C00DA5 /* cycle_05.jpg in Resources */,
				0460B9561EDFC95200C00DA5 /* refresh06.png in Resources */,
				0460B8FC1EDFC93A00C00DA5 /* home_like.png in Resources */,
				046BFBAA1EE500EF009358B5 /* test1.gif in Resources */,
				0460B8F91EDFC93A00C00DA5 /* home_email_black.png in Resources */,
				0460B94D1EDFC95200C00DA5 /* header08@2x.jpg in Resources */,
				0460B9451EDFC95200C00DA5 /* recomand_20.jpg in Resources */,
				0460B9501EDFC95200C00DA5 /* refresh00.png in Resources */,
				0460B9421EDFC95200C00DA5 /* recomand_17.jpg in Resources */,
				04F2AE0F1EE55D850038C33C /* guide3.mp4 in Resources */,
				0460B8FE1EDFC93A00C00DA5 /* home_watch.png in Resources */,
				0460B93A1EDFC95200C00DA5 /* recomand_09.jpg in Resources */,
				04AC30E51ED92B9C00841D63 /* ExampleApp.html in Resources */,
				0460B9011EDFC93A00C00DA5 /* tab_publish_add.png in Resources */,
				0460B9581EDFC95200C00DA5 /* refresh08.png in Resources */,
				0460B9431EDFC95200C00DA5 /* recomand_18.jpg in Resources */,
				0460B9321EDFC95200C00DA5 /* recomand_01.jpg in Resources */,
				0460B9401EDFC95200C00DA5 /* recomand_15.jpg in Resources */,
				0460B9661EDFC96000C00DA5 /* cycle_03.jpg in Resources */,
				0460B9371EDFC95200C00DA5 /* recomand_06.jpg in Resources */,
				0460B9511EDFC95200C00DA5 /* refresh01.png in Resources */,
				0460B9571EDFC95200C00DA5 /* refresh07.png in Resources */,
				0460B94A1EDFC95200C00DA5 /* header05@2x.jpg in Resources */,
				0460B93C1EDFC95200C00DA5 /* recomand_11.jpg in Resources */,
				0460B9031EDFC93A00C00DA5 /* tab_我的.png in Resources */,
				0460B9491EDFC95200C00DA5 /* header04@2x.jpg in Resources */,
				0460B9341EDFC95200C00DA5 /* recomand_03.jpg in Resources */,
				0460B94E1EDFC95200C00DA5 /* header09@2x.jpg in Resources */,
				0460B9441EDFC95200C00DA5 /* recomand_19.jpg in Resources */,
				0460B9061EDFC93A00C00DA5 /* tab_首页_pressed.png in Resources */,
				0460B9411EDFC95200C00DA5 /* recomand_16.jpg in Resources */,
				0460B9691EDFC96000C00DA5 /* cycle_06.jpg in Resources */,
				04F2AE0C1EE55D850038C33C /* guide0.mp4 in Resources */,
			);
			runOnlyForDeploymentPostprocessing = 0;
		};
/* End PBXResourcesBuildPhase section */

/* Begin PBXShellScriptBuildPhase section */
		0F57A6B6881741523DAD4A48 /* [CP] Embed Pods Frameworks */ = {
			isa = PBXShellScriptBuildPhase;
			buildActionMask = 2147483647;
			files = (
			);
			inputPaths = (
			);
			name = "[CP] Embed Pods Frameworks";
			outputPaths = (
			);
			runOnlyForDeploymentPostprocessing = 0;
			shellPath = /bin/sh;
			shellScript = "\"${SRCROOT}/Pods/Target Support Files/Pods-JXPlaygroundDemo/Pods-JXPlaygroundDemo-frameworks.sh\"\n";
			showEnvVarsInLog = 0;
		};
		16F9B89F5A6E2E6CFCA7BD23 /* [CP] Check Pods Manifest.lock */ = {
			isa = PBXShellScriptBuildPhase;
			buildActionMask = 2147483647;
			files = (
			);
			inputPaths = (
			);
			name = "[CP] Check Pods Manifest.lock";
			outputPaths = (
			);
			runOnlyForDeploymentPostprocessing = 0;
			shellPath = /bin/sh;
			shellScript = "diff \"${PODS_ROOT}/../Podfile.lock\" \"${PODS_ROOT}/Manifest.lock\" > /dev/null\nif [ $? != 0 ] ; then\n    # print error to STDERR\n    echo \"error: The sandbox is not in sync with the Podfile.lock. Run 'pod install' or update your CocoaPods installation.\" >&2\n    exit 1\nfi\n";
			showEnvVarsInLog = 0;
		};
		E12616A9D8BD9AF05C87BED9 /* [CP] Copy Pods Resources */ = {
			isa = PBXShellScriptBuildPhase;
			buildActionMask = 2147483647;
			files = (
			);
			inputPaths = (
			);
			name = "[CP] Copy Pods Resources";
			outputPaths = (
			);
			runOnlyForDeploymentPostprocessing = 0;
			shellPath = /bin/sh;
			shellScript = "\"${SRCROOT}/Pods/Target Support Files/Pods-JXPlaygroundDemo/Pods-JXPlaygroundDemo-resources.sh\"\n";
			showEnvVarsInLog = 0;
		};
/* End PBXShellScriptBuildPhase section */

/* Begin PBXSourcesBuildPhase section */
		04D842051EC694CB00E14F48 /* Sources */ = {
			isa = PBXSourcesBuildPhase;
			buildActionMask = 2147483647;
			files = (
				04BE3FEA1ED1840000459B2E /* JXActivitySearchViewController.m in Sources */,
				04D8422D1EC696D300E14F48 /* JXCaculator.m in Sources */,
				04AC30E61ED92B9C00841D63 /* JSBridgeVC.m in Sources */,
				048DCA061ED126910037DFE0 /* JXAMapViewController.m in Sources */,
				0460527A1ECFDE4800745224 /* ReactiveCocoaBlockViewController.m in Sources */,
				046BFBA21EE4F4B2009358B5 /* NSDictionary+log.m in Sources */,
				04D842141EC694CB00E14F48 /* ViewController.m in Sources */,
				046BFBA11EE4F4B2009358B5 /* NSArray+log.m in Sources */,
				048DCA0A1ED1327E0037DFE0 /* JXCustomCalloutView.m in Sources */,
				04BE3FE91ED1840000459B2E /* JXActivitySearchResultViewController.m in Sources */,
				04AC30DE1ED923DE00841D63 /* TestZFPlayerViewController.m in Sources */,
				046052771ECFD7ED00745224 /* ReativeSearchViewController.m in Sources */,
				04F2AE191EE55DA70038C33C /* NewFeatureViewController.m in Sources */,
				04BE3FE21ED1453400459B2E /* JXPlaceAroundTableView.m in Sources */,
				0460B8E51EDFC8D000C00DA5 /* JXBanTangHeaderView.m in Sources */,
				048DCA101ED134A10037DFE0 /* JXCustomAnnotationViewController.m in Sources */,
				046BFB9C1EE4EF1D009358B5 /* NotificationViewController.m in Sources */,
				04F2AE1B1EE55DA70038C33C /* NewFeatureCell.m in Sources */,
				04AC30CA1ED91D3200841D63 /* FDTCell.m in Sources */,
				046BFBB11EE5034B009358B5 /* NotificationViewController2.m in Sources */,
				04AC30C61ED91CE300841D63 /* FDTemplateViewController.m in Sources */,
				04AC30D11ED91D7000841D63 /* FDTModel.m in Sources */,
				0444339F1EDFEC5600C8E7C4 /* JXBanTangRefreshHeader.m in Sources */,
				044433A51EDFEF7600C8E7C4 /* JXBTHomeTableViewCell.m in Sources */,
				0460526F1ECFCDBE00745224 /* ReactiveCocoaViewController.m in Sources */,
				048DCA0D1ED133F60037DFE0 /* JXCustomAnnotationView.m in Sources */,
				04BE3FDE1ED13CE600459B2E /* JXPOISearchViewController.m in Sources */,
				04915AD81EDFF121004D282D /* JXBTHomeRecomandModel.m in Sources */,
				04AC30D01ED91D7000841D63 /* FDTMasoryCell.m in Sources */,
				04AC30EA1ED92D2C00841D63 /* PicEditViewController.m in Sources */,
				04D842291EC695A600E14F48 /* JXCaculatorMaker.m in Sources */,
				04915ADC1EE00A9F004D282D /* JXBanTangConst.m in Sources */,
				0460B8DE1EDFC6C900C00DA5 /* UIButton+Size.m in Sources */,
				04F2AE1A1EE55DA70038C33C /* ALinFlowLayout.m in Sources */,
				0460B8DF1EDFC6C900C00DA5 /* UIImage+JQImage.m in Sources */,
				04D842111EC694CB00E14F48 /* AppDelegate.m in Sources */,
				0460B8E01EDFC6C900C00DA5 /* UIView+Extension.m in Sources */,
				04AC30BE1ED9187800841D63 /* GCDBaseViewController.m in Sources */,
				04D8420E1EC694CB00E14F48 /* main.m in Sources */,
				046052721ECFD09100745224 /* FlagItem.m in Sources */,
				04D8422A1EC695A600E14F48 /* NSObject+caculator.m in Sources */,
				0460B8D51EDFC60300C00DA5 /* JXBanTangViewController.m in Sources */,
				04AC30C21ED91A7F00841D63 /* MainTabbarVC.m in Sources */,
				043E830A1EE50B9800854151 /* JXNotificationViewController.m in Sources */,
				046BFBAE1EE5033E009358B5 /* NotificationService.m in Sources */,
				044433A21EDFEEDB00C8E7C4 /* JXBanTangTableViewController.m in Sources */,
				04AC30DC1ED923DE00841D63 /* TestAVPlayerViewController.m in Sources */,
				04AC30D51ED922F600841D63 /* NSThreadViewController.m in Sources */,
			);
			runOnlyForDeploymentPostprocessing = 0;
		};
/* End PBXSourcesBuildPhase section */

/* Begin PBXVariantGroup section */
		04D842151EC694CB00E14F48 /* Main.storyboard */ = {
			isa = PBXVariantGroup;
			children = (
				04D842161EC694CB00E14F48 /* Base */,
			);
			name = Main.storyboard;
			sourceTree = "<group>";
		};
		04D8421A1EC694CB00E14F48 /* LaunchScreen.storyboard */ = {
			isa = PBXVariantGroup;
			children = (
				04D8421B1EC694CB00E14F48 /* Base */,
			);
			name = LaunchScreen.storyboard;
			sourceTree = "<group>";
		};
/* End PBXVariantGroup section */

/* Begin XCBuildConfiguration section */
		04D8421E1EC694CB00E14F48 /* Debug */ = {
			isa = XCBuildConfiguration;
			buildSettings = {
				ALWAYS_SEARCH_USER_PATHS = NO;
				CLANG_ANALYZER_NONNULL = YES;
				CLANG_CXX_LANGUAGE_STANDARD = "gnu++0x";
				CLANG_CXX_LIBRARY = "libc++";
				CLANG_ENABLE_MODULES = YES;
				CLANG_ENABLE_OBJC_ARC = YES;
				CLANG_WARN_BOOL_CONVERSION = YES;
				CLANG_WARN_CONSTANT_CONVERSION = YES;
				CLANG_WARN_DIRECT_OBJC_ISA_USAGE = YES_ERROR;
				CLANG_WARN_DOCUMENTATION_COMMENTS = YES;
				CLANG_WARN_EMPTY_BODY = YES;
				CLANG_WARN_ENUM_CONVERSION = YES;
				CLANG_WARN_INFINITE_RECURSION = YES;
				CLANG_WARN_INT_CONVERSION = YES;
				CLANG_WARN_OBJC_ROOT_CLASS = YES_ERROR;
				CLANG_WARN_SUSPICIOUS_MOVE = YES;
				CLANG_WARN_UNREACHABLE_CODE = YES;
				CLANG_WARN__DUPLICATE_METHOD_MATCH = YES;
				"CODE_SIGN_IDENTITY[sdk=iphoneos*]" = "iPhone Developer";
				COPY_PHASE_STRIP = NO;
				DEBUG_INFORMATION_FORMAT = dwarf;
				ENABLE_STRICT_OBJC_MSGSEND = YES;
				ENABLE_TESTABILITY = YES;
				GCC_C_LANGUAGE_STANDARD = gnu99;
				GCC_DYNAMIC_NO_PIC = NO;
				GCC_NO_COMMON_BLOCKS = YES;
				GCC_OPTIMIZATION_LEVEL = 0;
				GCC_PREPROCESSOR_DEFINITIONS = (
					"DEBUG=1",
					"$(inherited)",
				);
				GCC_WARN_64_TO_32_BIT_CONVERSION = YES;
				GCC_WARN_ABOUT_RETURN_TYPE = YES_ERROR;
				GCC_WARN_UNDECLARED_SELECTOR = YES;
				GCC_WARN_UNINITIALIZED_AUTOS = YES_AGGRESSIVE;
				GCC_WARN_UNUSED_FUNCTION = YES;
				GCC_WARN_UNUSED_VARIABLE = YES;
				IPHONEOS_DEPLOYMENT_TARGET = 10.2;
				MTL_ENABLE_DEBUG_INFO = YES;
				ONLY_ACTIVE_ARCH = YES;
				SDKROOT = iphoneos;
				TARGETED_DEVICE_FAMILY = "1,2";
			};
			name = Debug;
		};
		04D8421F1EC694CB00E14F48 /* Release */ = {
			isa = XCBuildConfiguration;
			buildSettings = {
				ALWAYS_SEARCH_USER_PATHS = NO;
				CLANG_ANALYZER_NONNULL = YES;
				CLANG_CXX_LANGUAGE_STANDARD = "gnu++0x";
				CLANG_CXX_LIBRARY = "libc++";
				CLANG_ENABLE_MODULES = YES;
				CLANG_ENABLE_OBJC_ARC = YES;
				CLANG_WARN_BOOL_CONVERSION = YES;
				CLANG_WARN_CONSTANT_CONVERSION = YES;
				CLANG_WARN_DIRECT_OBJC_ISA_USAGE = YES_ERROR;
				CLANG_WARN_DOCUMENTATION_COMMENTS = YES;
				CLANG_WARN_EMPTY_BODY = YES;
				CLANG_WARN_ENUM_CONVERSION = YES;
				CLANG_WARN_INFINITE_RECURSION = YES;
				CLANG_WARN_INT_CONVERSION = YES;
				CLANG_WARN_OBJC_ROOT_CLASS = YES_ERROR;
				CLANG_WARN_SUSPICIOUS_MOVE = YES;
				CLANG_WARN_UNREACHABLE_CODE = YES;
				CLANG_WARN__DUPLICATE_METHOD_MATCH = YES;
				"CODE_SIGN_IDENTITY[sdk=iphoneos*]" = "iPhone Developer";
				COPY_PHASE_STRIP = NO;
				DEBUG_INFORMATION_FORMAT = "dwarf-with-dsym";
				ENABLE_NS_ASSERTIONS = NO;
				ENABLE_STRICT_OBJC_MSGSEND = YES;
				GCC_C_LANGUAGE_STANDARD = gnu99;
				GCC_NO_COMMON_BLOCKS = YES;
				GCC_WARN_64_TO_32_BIT_CONVERSION = YES;
				GCC_WARN_ABOUT_RETURN_TYPE = YES_ERROR;
				GCC_WARN_UNDECLARED_SELECTOR = YES;
				GCC_WARN_UNINITIALIZED_AUTOS = YES_AGGRESSIVE;
				GCC_WARN_UNUSED_FUNCTION = YES;
				GCC_WARN_UNUSED_VARIABLE = YES;
				IPHONEOS_DEPLOYMENT_TARGET = 10.2;
				MTL_ENABLE_DEBUG_INFO = NO;
				SDKROOT = iphoneos;
				TARGETED_DEVICE_FAMILY = "1,2";
				VALIDATE_PRODUCT = YES;
			};
			name = Release;
		};
		04D842211EC694CB00E14F48 /* Debug */ = {
			isa = XCBuildConfiguration;
			baseConfigurationReference = B75B6EC66D133C689B1C3C00 /* Pods-JXPlaygroundDemo.debug.xcconfig */;
			buildSettings = {
				ASSETCATALOG_COMPILER_APPICON_NAME = AppIcon;
				DEVELOPMENT_TEAM = 7TM5A6A2L6;
				GCC_PRECOMPILE_PREFIX_HEADER = YES;
				GCC_PREFIX_HEADER = "/Users/mac/Desktop/数据plist/JXPlaygroundDemo/JXPlaygroundDemo/JXPlaygroundDemo/JXPlaygroundDemo.pch";
				INFOPLIST_FILE = JXPlaygroundDemo/Info.plist;
				LD_RUNPATH_SEARCH_PATHS = "$(inherited) @executable_path/Frameworks";
				PRODUCT_BUNDLE_IDENTIFIER = com.fxtz.fxtzapp.JXPlaygroundDemoDF;
				PRODUCT_NAME = "$(TARGET_NAME)";
			};
			name = Debug;
		};
		04D842221EC694CB00E14F48 /* Release */ = {
			isa = XCBuildConfiguration;
			baseConfigurationReference = A1AA9AA015A97876188DB6F7 /* Pods-JXPlaygroundDemo.release.xcconfig */;
			buildSettings = {
				ASSETCATALOG_COMPILER_APPICON_NAME = AppIcon;
				DEVELOPMENT_TEAM = 7TM5A6A2L6;
				GCC_PRECOMPILE_PREFIX_HEADER = YES;
				GCC_PREFIX_HEADER = "/Users/mac/Desktop/数据plist/JXPlaygroundDemo/JXPlaygroundDemo/JXPlaygroundDemo/JXPlaygroundDemo.pch";
				INFOPLIST_FILE = JXPlaygroundDemo/Info.plist;
				LD_RUNPATH_SEARCH_PATHS = "$(inherited) @executable_path/Frameworks";
				PRODUCT_BUNDLE_IDENTIFIER = com.fxtz.fxtzapp.JXPlaygroundDemoDF;
				PRODUCT_NAME = "$(TARGET_NAME)";
			};
			name = Release;
		};
/* End XCBuildConfiguration section */

/* Begin XCConfigurationList section */
		04D842041EC694CB00E14F48 /* Build configuration list for PBXProject "JXPlaygroundDemo" */ = {
			isa = XCConfigurationList;
			buildConfigurations = (
				04D8421E1EC694CB00E14F48 /* Debug */,
				04D8421F1EC694CB00E14F48 /* Release */,
			);
			defaultConfigurationIsVisible = 0;
			defaultConfigurationName = Release;
		};
		04D842201EC694CB00E14F48 /* Build configuration list for PBXNativeTarget "JXPlaygroundDemo" */ = {
			isa = XCConfigurationList;
			buildConfigurations = (
				04D842211EC694CB00E14F48 /* Debug */,
				04D842221EC694CB00E14F48 /* Release */,
			);
			defaultConfigurationIsVisible = 0;
			defaultConfigurationName = Release;
		};
/* End XCConfigurationList section */
	};
	rootObject = 04D842011EC694CB00E14F48 /* Project object */;
}
