PODS:
  - AMap3DMap (5.0.0):
    - AMapFoundation (~> 1.3)
  - AMapFoundation (1.4.0)
  - AMapSearch (5.0.0):
    - AMapFoundation (~> 1.2)
  - CYLTabBarController (1.10.0)
  - DOPDropDownMenu-Enhanced (1.0.0)
  - JDStatusBarNotification (1.5.5)
  - LazyScroll (0.0.2)
  - LBXScan (2.2):
    - LBXScan/All (= 2.2)
  - LBXScan/All (2.2):
    - LBXScan/Types (~> 2.2)
    - ZBarSDK (~> 1.3.1)
  - LBXScan/Types (2.2)
  - Masonry (1.0.2)
  - MBProgressHUD (1.0.0)
  - MJRefresh (3.1.12)
  - ReactiveObjC (3.0.0)
  - SDCycleScrollView (1.66):
    - SDWebImage (~> 4.0.0)
  - SDWebImage (4.0.0):
    - SDWebImage/Core (= 4.0.0)
  - SDWebImage/Core (4.0.0)
  - UITableView+FDTemplateLayoutCell (1.5.beta)
  - WebViewJavascriptBridge (6.0.2)
  - WechatOpenSDK (1.7.7)
  - ZBarSDK (1.3.1)
  - ZFPlayer (2.1.3):
    - Masonry

DEPENDENCIES:
  - AMap3DMap
  - AMapSearch
  - CYLTabBarController (~> 1.10.0)
  - DOPDropDownMenu-Enhanced (~> 1.0.0)
  - JDStatusBarNotification (~> 1.5.5)
  - LazyScroll
  - LBXScan (~> 2.2)
  - Masonry (~> 1.0.2)
  - MBProgressHUD (~> 1.0.0)
  - MJRefresh (~> 3.1.12)
  - ReactiveObjC (~> 3.0.0)
  - SDCycleScrollView (~> 1.66)
  - SDWebImage (~> 4.0.0)
  - UITableView+FDTemplateLayoutCell (~> 1.5.beta)
  - WebViewJavascriptBridge
  - WechatOpenSDK
  - ZFPlayer

SPEC CHECKSUMS:
  AMap3DMap: 4d0a53d0e57c7c758560225dfdaf593b306bd468
  AMapFoundation: 458974f46a39df8407fd818ab83d2630d494c726
  AMapSearch: cf7fd100d533995822d92c22586abfaf7cdf6eef
  CYLTabBarController: 2de9a4c26f50d33574398becf8e7b0aaed794240
  DOPDropDownMenu-Enhanced: 9ec473b16351b5b0b2d6ef87e7f666fe5ff54ad5
  JDStatusBarNotification: 2b4f29bd68a60d7aa2f190b5265f1ce59c18aaf8
  LazyScroll: 614022689b8e3b93c7bbe268c1a47b76e4265941
  LBXScan: 31b69c9657404133324e6b68ef814802ef9cacc0
  Masonry: 7c429b56da9d4ee0bbb3ed77a5ea710d6a5df39e
  MBProgressHUD: 4890f671c94e8a0f3cf959aa731e9de2f036d71a
  MJRefresh: b96cdb21c4aa75a7b07654311ab2f315c497e806
  ReactiveObjC: ce79989e8684b9086b5f8d0c74bc7b81a8729c9e
  SDCycleScrollView: e3ade90e9b3159bec04330b208fbfd81c3f3b671
  SDWebImage: 76a6348bdc74eb5a55dd08a091ef298e56b55e41
  UITableView+FDTemplateLayoutCell: 02b508ab1cb4cea16a8c17ac83d2cd1fd72124f9
  WebViewJavascriptBridge: 791ee0e26d1bf15efe5fb7fb9666a71a19b89d77
  WechatOpenSDK: cbd332148eb792d444ed4eec94f421d98f2046ee
  ZBarSDK: 4c1b5daeb7d6cc67dc9355e690af0230a661f6ec
  ZFPlayer: 8dc82b4508fbba4ee59d0304c52e30f8b3390244

PODFILE CHECKSUM: 6bf1db6cde534b2b95a112688390a788efe82bce

COCOAPODS: 1.2.1
